
Microsoft Visual Studio Solution File, Format Version 11.00
# Visual Studio 2010
Project("{FAE04EC0-301F-11D3-BF4B-00C04F79EFBC}") = "ModbusToEnum", "ModbusToEnum.csproj", "{C08AC968-0A1A-46E4-AED3-104D5E630ACC}"
EndProject
Project("{FAE04EC0-301F-11D3-BF4B-00C04F79EFBC}") = "FileHelpers.ExcelStorage", "FileHelpers.ExcelStorage\FileHelpers.ExcelStorage.csproj", "{B3F2B976-73D5-49C7-BEAA-BF62E233132A}"
EndProject
Global
	GlobalSection(SolutionConfigurationPlatforms) = preSolution
		Debug|Any CPU = Debug|Any CPU
		Debug|Mixed Platforms = Debug|Mixed Platforms
		Debug|x86 = Debug|x86
		Release|Any CPU = Release|Any CPU
		Release|Mixed Platforms = Release|Mixed Platforms
		Release|x86 = Release|x86
	EndGlobalSection
	GlobalSection(ProjectConfigurationPlatforms) = postSolution
		{C08AC968-0A1A-46E4-AED3-104D5E630ACC}.Debug|Any CPU.ActiveCfg = Debug|x86
		{C08AC968-0A1A-46E4-AED3-104D5E630ACC}.Debug|Mixed Platforms.ActiveCfg = Debug|x86
		{C08AC968-0A1A-46E4-AED3-104D5E630ACC}.Debug|Mixed Platforms.Build.0 = Debug|x86
		{C08AC968-0A1A-46E4-AED3-104D5E630ACC}.Debug|x86.ActiveCfg = Debug|x86
		{C08AC968-0A1A-46E4-AED3-104D5E630ACC}.Debug|x86.Build.0 = Debug|x86
		{C08AC968-0A1A-46E4-AED3-104D5E630ACC}.Release|Any CPU.ActiveCfg = Release|x86
		{C08AC968-0A1A-46E4-AED3-104D5E630ACC}.Release|Mixed Platforms.ActiveCfg = Release|x86
		{C08AC968-0A1A-46E4-AED3-104D5E630ACC}.Release|Mixed Platforms.Build.0 = Release|x86
		{C08AC968-0A1A-46E4-AED3-104D5E630ACC}.Release|x86.ActiveCfg = Release|x86
		{C08AC968-0A1A-46E4-AED3-104D5E630ACC}.Release|x86.Build.0 = Release|x86
		{B3F2B976-73D5-49C7-BEAA-BF62E233132A}.Debug|Any CPU.ActiveCfg = Debug|Any CPU
		{B3F2B976-73D5-49C7-BEAA-BF62E233132A}.Debug|Any CPU.Build.0 = Debug|Any CPU
		{B3F2B976-73D5-49C7-BEAA-BF62E233132A}.Debug|Mixed Platforms.ActiveCfg = Debug|Any CPU
		{B3F2B976-73D5-49C7-BEAA-BF62E233132A}.Debug|Mixed Platforms.Build.0 = Debug|Any CPU
		{B3F2B976-73D5-49C7-BEAA-BF62E233132A}.Debug|x86.ActiveCfg = Debug|Any CPU
		{B3F2B976-73D5-49C7-BEAA-BF62E233132A}.Release|Any CPU.ActiveCfg = Release|Any CPU
		{B3F2B976-73D5-49C7-BEAA-BF62E233132A}.Release|Any CPU.Build.0 = Release|Any CPU
		{B3F2B976-73D5-49C7-BEAA-BF62E233132A}.Release|Mixed Platforms.ActiveCfg = Release|Any CPU
		{B3F2B976-73D5-49C7-BEAA-BF62E233132A}.Release|Mixed Platforms.Build.0 = Release|Any CPU
		{B3F2B976-73D5-49C7-BEAA-BF62E233132A}.Release|x86.ActiveCfg = Release|Any CPU
	EndGlobalSection
	GlobalSection(SolutionProperties) = preSolution
		HideSolutionNode = FALSE
	EndGlobalSection
EndGlobal
