
Microsoft Visual Studio Solution File, Format Version 11.00
# Visual C# Express 2010
Project("{FAE04EC0-301F-11D3-BF4B-00C04F79EFBC}") = "IISStarter", "IISStarter\IISStarter.csproj", "{0E089A26-B2C5-44E5-822B-B9D1CBFFCBCC}"
EndProject
Global
	GlobalSection(SolutionConfigurationPlatforms) = preSolution
		Debug|x86 = Debug|x86
		Release|x86 = Release|x86
	EndGlobalSection
	GlobalSection(ProjectConfigurationPlatforms) = postSolution
		{0E089A26-B2C5-44E5-822B-B9D1CBFFCBCC}.Debug|x86.ActiveCfg = Debug|x86
		{0E089A26-B2C5-44E5-822B-B9D1CBFFCBCC}.Debug|x86.Build.0 = Debug|x86
		{0E089A26-B2C5-44E5-822B-B9D1CBFFCBCC}.Release|x86.ActiveCfg = Release|x86
		{0E089A26-B2C5-44E5-822B-B9D1CBFFCBCC}.Release|x86.Build.0 = Release|x86
	EndGlobalSection
	GlobalSection(SolutionProperties) = preSolution
		HideSolutionNode = FALSE
	EndGlobalSection
EndGlobal
