
Microsoft Visual Studio Solution File, Format Version 11.00
# Visual Studio 2010
Project("{FAE04EC0-301F-11D3-BF4B-00C04F79EFBC}") = "SPU_Sim", "SPU_Sim\SPU_Sim.csproj", "{E1685B54-BD10-4493-9EBD-364122653EC1}"
EndProject
Project("{FAE04EC0-301F-11D3-BF4B-00C04F79EFBC}") = "Modbus", "..\..\lib\NModbus\source\src\Modbus\Modbus.csproj", "{FF96B252-2B24-44A1-A09C-6401B5D7ED23}"
EndProject
Global
	GlobalSection(SolutionConfigurationPlatforms) = preSolution
		Debug|Any CPU = Debug|Any CPU
		Debug|x86 = Debug|x86
		Release|Any CPU = Release|Any CPU
		Release|x86 = Release|x86
		SignedRelease|Any CPU = SignedRelease|Any CPU
		SignedRelease|x86 = SignedRelease|x86
	EndGlobalSection
	GlobalSection(ProjectConfigurationPlatforms) = postSolution
		{E1685B54-BD10-4493-9EBD-364122653EC1}.Debug|Any CPU.ActiveCfg = Debug|x86
		{E1685B54-BD10-4493-9EBD-364122653EC1}.Debug|x86.ActiveCfg = Debug|x86
		{E1685B54-BD10-4493-9EBD-364122653EC1}.Debug|x86.Build.0 = Debug|x86
		{E1685B54-BD10-4493-9EBD-364122653EC1}.Release|Any CPU.ActiveCfg = Release|x86
		{E1685B54-BD10-4493-9EBD-364122653EC1}.Release|x86.ActiveCfg = Release|x86
		{E1685B54-BD10-4493-9EBD-364122653EC1}.Release|x86.Build.0 = Release|x86
		{E1685B54-BD10-4493-9EBD-364122653EC1}.SignedRelease|Any CPU.ActiveCfg = Release|x86
		{E1685B54-BD10-4493-9EBD-364122653EC1}.SignedRelease|x86.ActiveCfg = Release|x86
		{E1685B54-BD10-4493-9EBD-364122653EC1}.SignedRelease|x86.Build.0 = Release|x86
		{FF96B252-2B24-44A1-A09C-6401B5D7ED23}.Debug|Any CPU.ActiveCfg = Debug|Any CPU
		{FF96B252-2B24-44A1-A09C-6401B5D7ED23}.Debug|Any CPU.Build.0 = Debug|Any CPU
		{FF96B252-2B24-44A1-A09C-6401B5D7ED23}.Debug|x86.ActiveCfg = Debug|x86
		{FF96B252-2B24-44A1-A09C-6401B5D7ED23}.Debug|x86.Build.0 = Debug|x86
		{FF96B252-2B24-44A1-A09C-6401B5D7ED23}.Release|Any CPU.ActiveCfg = Release|Any CPU
		{FF96B252-2B24-44A1-A09C-6401B5D7ED23}.Release|Any CPU.Build.0 = Release|Any CPU
		{FF96B252-2B24-44A1-A09C-6401B5D7ED23}.Release|x86.ActiveCfg = Release|x86
		{FF96B252-2B24-44A1-A09C-6401B5D7ED23}.Release|x86.Build.0 = Release|x86
		{FF96B252-2B24-44A1-A09C-6401B5D7ED23}.SignedRelease|Any CPU.ActiveCfg = SignedRelease|Any CPU
		{FF96B252-2B24-44A1-A09C-6401B5D7ED23}.SignedRelease|Any CPU.Build.0 = SignedRelease|Any CPU
		{FF96B252-2B24-44A1-A09C-6401B5D7ED23}.SignedRelease|x86.ActiveCfg = SignedRelease|x86
		{FF96B252-2B24-44A1-A09C-6401B5D7ED23}.SignedRelease|x86.Build.0 = SignedRelease|x86
	EndGlobalSection
	GlobalSection(SolutionProperties) = preSolution
		HideSolutionNode = FALSE
	EndGlobalSection
EndGlobal
