
Microsoft Visual Studio Solution File, Format Version 11.00
# Visual Studio 2010
Project("{FAE04EC0-301F-11D3-BF4B-00C04F79EFBC}") = "Framework", "Framework\Framework.csproj", "{9C849913-245A-4EDF-9EFD-4A2709C6698A}"
	ProjectSection(ProjectDependencies) = postProject
		{ABA59002-6220-46A3-AF67-21C9F4E1C1E5} = {ABA59002-6220-46A3-AF67-21C9F4E1C1E5}
		{5C294045-BACA-4A40-ACBD-3E74727AAAB8} = {5C294045-BACA-4A40-ACBD-3E74727AAAB8}
		{B77DB654-8D96-47CD-829D-9902FB844A57} = {B77DB654-8D96-47CD-829D-9902FB844A57}
		{13F0E256-4877-4B5B-B027-DBE9632E01C4} = {13F0E256-4877-4B5B-B027-DBE9632E01C4}
		{26484A67-B41F-4931-BF50-EDAD1288BEB1} = {26484A67-B41F-4931-BF50-EDAD1288BEB1}
		{7433656A-252C-47A0-B8CC-C93B7915E17B} = {7433656A-252C-47A0-B8CC-C93B7915E17B}
		{A2AABD74-8007-4D10-909E-1539AC2BE7FC} = {A2AABD74-8007-4D10-909E-1539AC2BE7FC}
		{9A6833B3-FE3B-47A6-A594-2CE446318974} = {9A6833B3-FE3B-47A6-A594-2CE446318974}
		{84EF21B9-14C4-4FCD-8EAC-96A9EFBB166C} = {84EF21B9-14C4-4FCD-8EAC-96A9EFBB166C}
		{28EC3DBE-EAD9-4A27-9887-26DCF467AB80} = {28EC3DBE-EAD9-4A27-9887-26DCF467AB80}
	EndProjectSection
EndProject
Project("{2150E333-8FDC-42A3-9474-1A3956D46DE8}") = "Solution Items", "Solution Items", "{5768970A-C65D-4A46-AF24-523337A71625}"
	ProjectSection(SolutionItems) = preProject
		Framework.vsmdi = Framework.vsmdi
		Local.testsettings = Local.testsettings
		TraceAndTestImpact.testsettings = TraceAndTestImpact.testsettings
	EndProjectSection
EndProject
Project("{FAE04EC0-301F-11D3-BF4B-00C04F79EFBC}") = "Modbus", "..\..\lib\NModbus\source\src\Modbus\Modbus.csproj", "{FF96B252-2B24-44A1-A09C-6401B5D7ED23}"
EndProject
Project("{FAE04EC0-301F-11D3-BF4B-00C04F79EFBC}") = "HelperClasses", "..\HelperClasses\HelperClasses.csproj", "{885821AF-7896-4637-86D1-F76F5B0C12A3}"
EndProject
Project("{FAE04EC0-301F-11D3-BF4B-00C04F79EFBC}") = "FaultErrorIndicators", "..\FaultErrorIndicators\FaultErrorIndicators.csproj", "{5CDE2319-6B1B-4E1C-9CD1-0D7F04D3E7A9}"
EndProject
Project("{FAE04EC0-301F-11D3-BF4B-00C04F79EFBC}") = "SPUAlarmMonitor", "SPUAlarmMonitor\SPUAlarmMonitor.csproj", "{9A6833B3-FE3B-47A6-A594-2CE446318974}"
EndProject
Project("{FAE04EC0-301F-11D3-BF4B-00C04F79EFBC}") = "EventLog", "..\..\lib\EventLog\EventLog.csproj", "{A2AABD74-8007-4D10-909E-1539AC2BE7FC}"
EndProject
Project("{FAE04EC0-301F-11D3-BF4B-00C04F79EFBC}") = "ModbusDb", "..\..\lib\ModbusDb\ModbusDb.csproj", "{B77DB654-8D96-47CD-829D-9902FB844A57}"
EndProject
Project("{FAE04EC0-301F-11D3-BF4B-00C04F79EFBC}") = "DataCollectionSDK", "..\..\lib\DataCollectionSDK\DataCollectionSDK.csproj", "{983919B1-6BAD-4199-8E84-89B3373995DF}"
EndProject
Project("{FAE04EC0-301F-11D3-BF4B-00C04F79EFBC}") = "WebService", "..\WebService\WebService.csproj", "{13F0E256-4877-4B5B-B027-DBE9632E01C4}"
EndProject
Project("{FAE04EC0-301F-11D3-BF4B-00C04F79EFBC}") = "WebServiceObjects", "..\WebServiceObjects\WebServiceObjects.csproj", "{84EF21B9-14C4-4FCD-8EAC-96A9EFBB166C}"
EndProject
Project("{FAE04EC0-301F-11D3-BF4B-00C04F79EFBC}") = "AMOTConstants", "..\..\lib\AMOTConstants\AMOTConstants.csproj", "{7433656A-252C-47A0-B8CC-C93B7915E17B}"
EndProject
Project("{FAE04EC0-301F-11D3-BF4B-00C04F79EFBC}") = "EngineLearnPlugin", "EngineLearnPlugin\EngineLearnPlugin.csproj", "{26484A67-B41F-4931-BF50-EDAD1288BEB1}"
EndProject
Project("{FAE04EC0-301F-11D3-BF4B-00C04F79EFBC}") = "SensorReplacementPlugin", "SensorReplacementPlugin\SensorReplacementPlugin.csproj", "{5C294045-BACA-4A40-ACBD-3E74727AAAB8}"
EndProject
Project("{FAE04EC0-301F-11D3-BF4B-00C04F79EFBC}") = "SPUDataCollectionPlugin", "SPUDataCollectionModule\SPUDataCollectionPlugin.csproj", "{28EC3DBE-EAD9-4A27-9887-26DCF467AB80}"
	ProjectSection(ProjectDependencies) = postProject
		{5C294045-BACA-4A40-ACBD-3E74727AAAB8} = {5C294045-BACA-4A40-ACBD-3E74727AAAB8}
		{13F0E256-4877-4B5B-B027-DBE9632E01C4} = {13F0E256-4877-4B5B-B027-DBE9632E01C4}
		{26484A67-B41F-4931-BF50-EDAD1288BEB1} = {26484A67-B41F-4931-BF50-EDAD1288BEB1}
		{9A6833B3-FE3B-47A6-A594-2CE446318974} = {9A6833B3-FE3B-47A6-A594-2CE446318974}
	EndProjectSection
EndProject
Project("{FAE04EC0-301F-11D3-BF4B-00C04F79EFBC}") = "Configuration", "Configuration\Configuration.csproj", "{D57F3ACB-8FC7-401F-9B60-AA68526CEA2A}"
EndProject
Project("{FAE04EC0-301F-11D3-BF4B-00C04F79EFBC}") = "UserManager", "..\..\lib\UserManager\UserManager.csproj", "{AFA24804-A3B7-4E43-8490-8626592BF5B3}"
EndProject
Project("{FAE04EC0-301F-11D3-BF4B-00C04F79EFBC}") = "ReportsPlugin", "..\ReportsPlugin\ReportsPlugin.csproj", "{ABA59002-6220-46A3-AF67-21C9F4E1C1E5}"
EndProject
Project("{FAE04EC0-301F-11D3-BF4B-00C04F79EFBC}") = "Reports", "..\Reports\Reports.csproj", "{565A05FC-BBB5-4CB5-941A-93BF515AFEFC}"
EndProject
Project("{FAE04EC0-301F-11D3-BF4B-00C04F79EFBC}") = "glmmclient", "..\..\lib\glmmclient\glmmclient.csproj", "{F76F6B4F-8F2B-448B-86E1-6C106E609258}"
EndProject
Project("{FAE04EC0-301F-11D3-BF4B-00C04F79EFBC}") = "GLMachineMeasurementPlugin", "..\GLMachineMeasurementPlugin\GLMachineMeasurementPlugin.csproj", "{C2A320D2-2FEC-4A61-BE1B-822D3F72702D}"
EndProject
Project("{FAE04EC0-301F-11D3-BF4B-00C04F79EFBC}") = "SPUSDK", "..\..\lib\SPUSDK\SPUSDK.csproj", "{9C0BEBC8-980D-4401-B2CC-5CE182D7842E}"
EndProject
Project("{2150E333-8FDC-42A3-9474-1A3956D46DE8}") = "Plugins", "Plugins", "{BABB7472-0A6D-4898-9489-6A6394B3950F}"
EndProject
Project("{2150E333-8FDC-42A3-9474-1A3956D46DE8}") = "Libraries", "Libraries", "{F62AC839-37F7-489D-9F70-B95200994479}"
EndProject
Project("{FAE04EC0-301F-11D3-BF4B-00C04F79EFBC}") = "TrendPlugin", "TrendPlugin\TrendPlugin.csproj", "{92E4743F-1F43-411D-8B71-35803827872E}"
EndProject
Project("{FAE04EC0-301F-11D3-BF4B-00C04F79EFBC}") = "EngineTests", "EngineTests\EngineTests.csproj", "{21024CE1-804E-49E6-B6FE-6950C3FE3C7B}"
EndProject
Project("{FAE04EC0-301F-11D3-BF4B-00C04F79EFBC}") = "TemperaturePlugin", "TemperaturePlugin\TemperaturePlugin.csproj", "{56C65AD7-4EFE-4F18-BF61-C022B3E8C141}"
EndProject
Project("{FAE04EC0-301F-11D3-BF4B-00C04F79EFBC}") = "ReportDataAveragePlugin", "ReportDataAveragePlugin\ReportDataAveragePlugin.csproj", "{BA60A990-D4AC-4A33-A726-B89CACF32249}"
EndProject
Global
	GlobalSection(TestCaseManagementSettings) = postSolution
		CategoryFile = Framework.vsmdi
	EndGlobalSection
	GlobalSection(SolutionConfigurationPlatforms) = preSolution
		Debug|Any CPU = Debug|Any CPU
		Debug|Mixed Platforms = Debug|Mixed Platforms
		Debug|x86 = Debug|x86
		Release|Any CPU = Release|Any CPU
		Release|Mixed Platforms = Release|Mixed Platforms
		Release|x86 = Release|x86
		SignedRelease|Any CPU = SignedRelease|Any CPU
		SignedRelease|Mixed Platforms = SignedRelease|Mixed Platforms
		SignedRelease|x86 = SignedRelease|x86
	EndGlobalSection
	GlobalSection(ProjectConfigurationPlatforms) = postSolution
		{9C849913-245A-4EDF-9EFD-4A2709C6698A}.Debug|Any CPU.ActiveCfg = Debug|Any CPU
		{9C849913-245A-4EDF-9EFD-4A2709C6698A}.Debug|Any CPU.Build.0 = Debug|Any CPU
		{9C849913-245A-4EDF-9EFD-4A2709C6698A}.Debug|Mixed Platforms.ActiveCfg = Debug|x86
		{9C849913-245A-4EDF-9EFD-4A2709C6698A}.Debug|Mixed Platforms.Build.0 = Debug|x86
		{9C849913-245A-4EDF-9EFD-4A2709C6698A}.Debug|x86.ActiveCfg = Debug|x86
		{9C849913-245A-4EDF-9EFD-4A2709C6698A}.Debug|x86.Build.0 = Debug|x86
		{9C849913-245A-4EDF-9EFD-4A2709C6698A}.Release|Any CPU.ActiveCfg = Release|Any CPU
		{9C849913-245A-4EDF-9EFD-4A2709C6698A}.Release|Any CPU.Build.0 = Release|Any CPU
		{9C849913-245A-4EDF-9EFD-4A2709C6698A}.Release|Mixed Platforms.ActiveCfg = Release|x86
		{9C849913-245A-4EDF-9EFD-4A2709C6698A}.Release|Mixed Platforms.Build.0 = Release|x86
		{9C849913-245A-4EDF-9EFD-4A2709C6698A}.Release|x86.ActiveCfg = Release|x86
		{9C849913-245A-4EDF-9EFD-4A2709C6698A}.Release|x86.Build.0 = Release|x86
		{9C849913-245A-4EDF-9EFD-4A2709C6698A}.SignedRelease|Any CPU.ActiveCfg = Release|x86
		{9C849913-245A-4EDF-9EFD-4A2709C6698A}.SignedRelease|Mixed Platforms.ActiveCfg = Release|x86
		{9C849913-245A-4EDF-9EFD-4A2709C6698A}.SignedRelease|Mixed Platforms.Build.0 = Release|x86
		{9C849913-245A-4EDF-9EFD-4A2709C6698A}.SignedRelease|x86.ActiveCfg = Release|x86
		{9C849913-245A-4EDF-9EFD-4A2709C6698A}.SignedRelease|x86.Build.0 = Release|x86
		{FF96B252-2B24-44A1-A09C-6401B5D7ED23}.Debug|Any CPU.ActiveCfg = Debug|Any CPU
		{FF96B252-2B24-44A1-A09C-6401B5D7ED23}.Debug|Any CPU.Build.0 = Debug|Any CPU
		{FF96B252-2B24-44A1-A09C-6401B5D7ED23}.Debug|Mixed Platforms.ActiveCfg = Debug|Any CPU
		{FF96B252-2B24-44A1-A09C-6401B5D7ED23}.Debug|Mixed Platforms.Build.0 = Debug|Any CPU
		{FF96B252-2B24-44A1-A09C-6401B5D7ED23}.Debug|x86.ActiveCfg = Debug|x86
		{FF96B252-2B24-44A1-A09C-6401B5D7ED23}.Debug|x86.Build.0 = Debug|x86
		{FF96B252-2B24-44A1-A09C-6401B5D7ED23}.Release|Any CPU.ActiveCfg = Release|Any CPU
		{FF96B252-2B24-44A1-A09C-6401B5D7ED23}.Release|Any CPU.Build.0 = Release|Any CPU
		{FF96B252-2B24-44A1-A09C-6401B5D7ED23}.Release|Mixed Platforms.ActiveCfg = Release|x86
		{FF96B252-2B24-44A1-A09C-6401B5D7ED23}.Release|Mixed Platforms.Build.0 = Release|x86
		{FF96B252-2B24-44A1-A09C-6401B5D7ED23}.Release|x86.ActiveCfg = Release|x86
		{FF96B252-2B24-44A1-A09C-6401B5D7ED23}.Release|x86.Build.0 = Release|x86
		{FF96B252-2B24-44A1-A09C-6401B5D7ED23}.SignedRelease|Any CPU.ActiveCfg = SignedRelease|Any CPU
		{FF96B252-2B24-44A1-A09C-6401B5D7ED23}.SignedRelease|Any CPU.Build.0 = SignedRelease|Any CPU
		{FF96B252-2B24-44A1-A09C-6401B5D7ED23}.SignedRelease|Mixed Platforms.ActiveCfg = SignedRelease|Any CPU
		{FF96B252-2B24-44A1-A09C-6401B5D7ED23}.SignedRelease|Mixed Platforms.Build.0 = SignedRelease|Any CPU
		{FF96B252-2B24-44A1-A09C-6401B5D7ED23}.SignedRelease|x86.ActiveCfg = SignedRelease|Any CPU
		{885821AF-7896-4637-86D1-F76F5B0C12A3}.Debug|Any CPU.ActiveCfg = Debug|Any CPU
		{885821AF-7896-4637-86D1-F76F5B0C12A3}.Debug|Any CPU.Build.0 = Debug|Any CPU
		{885821AF-7896-4637-86D1-F76F5B0C12A3}.Debug|Mixed Platforms.ActiveCfg = Debug|x86
		{885821AF-7896-4637-86D1-F76F5B0C12A3}.Debug|Mixed Platforms.Build.0 = Debug|x86
		{885821AF-7896-4637-86D1-F76F5B0C12A3}.Debug|x86.ActiveCfg = Debug|x86
		{885821AF-7896-4637-86D1-F76F5B0C12A3}.Debug|x86.Build.0 = Debug|x86
		{885821AF-7896-4637-86D1-F76F5B0C12A3}.Release|Any CPU.ActiveCfg = Release|Any CPU
		{885821AF-7896-4637-86D1-F76F5B0C12A3}.Release|Any CPU.Build.0 = Release|Any CPU
		{885821AF-7896-4637-86D1-F76F5B0C12A3}.Release|Mixed Platforms.ActiveCfg = Release|x86
		{885821AF-7896-4637-86D1-F76F5B0C12A3}.Release|Mixed Platforms.Build.0 = Release|x86
		{885821AF-7896-4637-86D1-F76F5B0C12A3}.Release|x86.ActiveCfg = Release|x86
		{885821AF-7896-4637-86D1-F76F5B0C12A3}.Release|x86.Build.0 = Release|x86
		{885821AF-7896-4637-86D1-F76F5B0C12A3}.SignedRelease|Any CPU.ActiveCfg = Release|Any CPU
		{885821AF-7896-4637-86D1-F76F5B0C12A3}.SignedRelease|Any CPU.Build.0 = Release|Any CPU
		{885821AF-7896-4637-86D1-F76F5B0C12A3}.SignedRelease|Mixed Platforms.ActiveCfg = Release|x86
		{885821AF-7896-4637-86D1-F76F5B0C12A3}.SignedRelease|Mixed Platforms.Build.0 = Release|x86
		{885821AF-7896-4637-86D1-F76F5B0C12A3}.SignedRelease|x86.ActiveCfg = Release|x86
		{885821AF-7896-4637-86D1-F76F5B0C12A3}.SignedRelease|x86.Build.0 = Release|x86
		{5CDE2319-6B1B-4E1C-9CD1-0D7F04D3E7A9}.Debug|Any CPU.ActiveCfg = Debug|Any CPU
		{5CDE2319-6B1B-4E1C-9CD1-0D7F04D3E7A9}.Debug|Any CPU.Build.0 = Debug|Any CPU
		{5CDE2319-6B1B-4E1C-9CD1-0D7F04D3E7A9}.Debug|Mixed Platforms.ActiveCfg = Debug|x86
		{5CDE2319-6B1B-4E1C-9CD1-0D7F04D3E7A9}.Debug|Mixed Platforms.Build.0 = Debug|x86
		{5CDE2319-6B1B-4E1C-9CD1-0D7F04D3E7A9}.Debug|x86.ActiveCfg = Debug|x86
		{5CDE2319-6B1B-4E1C-9CD1-0D7F04D3E7A9}.Debug|x86.Build.0 = Debug|x86
		{5CDE2319-6B1B-4E1C-9CD1-0D7F04D3E7A9}.Release|Any CPU.ActiveCfg = Release|Any CPU
		{5CDE2319-6B1B-4E1C-9CD1-0D7F04D3E7A9}.Release|Any CPU.Build.0 = Release|Any CPU
		{5CDE2319-6B1B-4E1C-9CD1-0D7F04D3E7A9}.Release|Mixed Platforms.ActiveCfg = Release|x86
		{5CDE2319-6B1B-4E1C-9CD1-0D7F04D3E7A9}.Release|Mixed Platforms.Build.0 = Release|x86
		{5CDE2319-6B1B-4E1C-9CD1-0D7F04D3E7A9}.Release|x86.ActiveCfg = Release|x86
		{5CDE2319-6B1B-4E1C-9CD1-0D7F04D3E7A9}.Release|x86.Build.0 = Release|x86
		{5CDE2319-6B1B-4E1C-9CD1-0D7F04D3E7A9}.SignedRelease|Any CPU.ActiveCfg = Release|Any CPU
		{5CDE2319-6B1B-4E1C-9CD1-0D7F04D3E7A9}.SignedRelease|Any CPU.Build.0 = Release|Any CPU
		{5CDE2319-6B1B-4E1C-9CD1-0D7F04D3E7A9}.SignedRelease|Mixed Platforms.ActiveCfg = Release|x86
		{5CDE2319-6B1B-4E1C-9CD1-0D7F04D3E7A9}.SignedRelease|Mixed Platforms.Build.0 = Release|x86
		{5CDE2319-6B1B-4E1C-9CD1-0D7F04D3E7A9}.SignedRelease|x86.ActiveCfg = Release|x86
		{5CDE2319-6B1B-4E1C-9CD1-0D7F04D3E7A9}.SignedRelease|x86.Build.0 = Release|x86
		{9A6833B3-FE3B-47A6-A594-2CE446318974}.Debug|Any CPU.ActiveCfg = Debug|Any CPU
		{9A6833B3-FE3B-47A6-A594-2CE446318974}.Debug|Any CPU.Build.0 = Debug|Any CPU
		{9A6833B3-FE3B-47A6-A594-2CE446318974}.Debug|Mixed Platforms.ActiveCfg = Debug|x86
		{9A6833B3-FE3B-47A6-A594-2CE446318974}.Debug|Mixed Platforms.Build.0 = Debug|x86
		{9A6833B3-FE3B-47A6-A594-2CE446318974}.Debug|x86.ActiveCfg = Debug|x86
		{9A6833B3-FE3B-47A6-A594-2CE446318974}.Debug|x86.Build.0 = Debug|x86
		{9A6833B3-FE3B-47A6-A594-2CE446318974}.Release|Any CPU.ActiveCfg = Release|Any CPU
		{9A6833B3-FE3B-47A6-A594-2CE446318974}.Release|Any CPU.Build.0 = Release|Any CPU
		{9A6833B3-FE3B-47A6-A594-2CE446318974}.Release|Mixed Platforms.ActiveCfg = Release|x86
		{9A6833B3-FE3B-47A6-A594-2CE446318974}.Release|Mixed Platforms.Build.0 = Release|x86
		{9A6833B3-FE3B-47A6-A594-2CE446318974}.Release|x86.ActiveCfg = Release|x86
		{9A6833B3-FE3B-47A6-A594-2CE446318974}.Release|x86.Build.0 = Release|x86
		{9A6833B3-FE3B-47A6-A594-2CE446318974}.SignedRelease|Any CPU.ActiveCfg = Release|Any CPU
		{9A6833B3-FE3B-47A6-A594-2CE446318974}.SignedRelease|Any CPU.Build.0 = Release|Any CPU
		{9A6833B3-FE3B-47A6-A594-2CE446318974}.SignedRelease|Mixed Platforms.ActiveCfg = Release|Any CPU
		{9A6833B3-FE3B-47A6-A594-2CE446318974}.SignedRelease|Mixed Platforms.Build.0 = Release|Any CPU
		{9A6833B3-FE3B-47A6-A594-2CE446318974}.SignedRelease|x86.ActiveCfg = Release|Any CPU
		{A2AABD74-8007-4D10-909E-1539AC2BE7FC}.Debug|Any CPU.ActiveCfg = Debug|Any CPU
		{A2AABD74-8007-4D10-909E-1539AC2BE7FC}.Debug|Any CPU.Build.0 = Debug|Any CPU
		{A2AABD74-8007-4D10-909E-1539AC2BE7FC}.Debug|Mixed Platforms.ActiveCfg = Debug|x86
		{A2AABD74-8007-4D10-909E-1539AC2BE7FC}.Debug|Mixed Platforms.Build.0 = Debug|x86
		{A2AABD74-8007-4D10-909E-1539AC2BE7FC}.Debug|x86.ActiveCfg = Debug|x86
		{A2AABD74-8007-4D10-909E-1539AC2BE7FC}.Debug|x86.Build.0 = Debug|x86
		{A2AABD74-8007-4D10-909E-1539AC2BE7FC}.Release|Any CPU.ActiveCfg = Release|Any CPU
		{A2AABD74-8007-4D10-909E-1539AC2BE7FC}.Release|Any CPU.Build.0 = Release|Any CPU
		{A2AABD74-8007-4D10-909E-1539AC2BE7FC}.Release|Mixed Platforms.ActiveCfg = Release|x86
		{A2AABD74-8007-4D10-909E-1539AC2BE7FC}.Release|Mixed Platforms.Build.0 = Release|x86
		{A2AABD74-8007-4D10-909E-1539AC2BE7FC}.Release|x86.ActiveCfg = Release|x86
		{A2AABD74-8007-4D10-909E-1539AC2BE7FC}.Release|x86.Build.0 = Release|x86
		{A2AABD74-8007-4D10-909E-1539AC2BE7FC}.SignedRelease|Any CPU.ActiveCfg = Release|Any CPU
		{A2AABD74-8007-4D10-909E-1539AC2BE7FC}.SignedRelease|Any CPU.Build.0 = Release|Any CPU
		{A2AABD74-8007-4D10-909E-1539AC2BE7FC}.SignedRelease|Mixed Platforms.ActiveCfg = Release|x86
		{A2AABD74-8007-4D10-909E-1539AC2BE7FC}.SignedRelease|Mixed Platforms.Build.0 = Release|x86
		{A2AABD74-8007-4D10-909E-1539AC2BE7FC}.SignedRelease|x86.ActiveCfg = Release|x86
		{A2AABD74-8007-4D10-909E-1539AC2BE7FC}.SignedRelease|x86.Build.0 = Release|x86
		{B77DB654-8D96-47CD-829D-9902FB844A57}.Debug|Any CPU.ActiveCfg = Debug|Any CPU
		{B77DB654-8D96-47CD-829D-9902FB844A57}.Debug|Any CPU.Build.0 = Debug|Any CPU
		{B77DB654-8D96-47CD-829D-9902FB844A57}.Debug|Mixed Platforms.ActiveCfg = Debug|x86
		{B77DB654-8D96-47CD-829D-9902FB844A57}.Debug|Mixed Platforms.Build.0 = Debug|x86
		{B77DB654-8D96-47CD-829D-9902FB844A57}.Debug|x86.ActiveCfg = Debug|x86
		{B77DB654-8D96-47CD-829D-9902FB844A57}.Debug|x86.Build.0 = Debug|x86
		{B77DB654-8D96-47CD-829D-9902FB844A57}.Release|Any CPU.ActiveCfg = Release|Any CPU
		{B77DB654-8D96-47CD-829D-9902FB844A57}.Release|Any CPU.Build.0 = Release|Any CPU
		{B77DB654-8D96-47CD-829D-9902FB844A57}.Release|Mixed Platforms.ActiveCfg = Release|x86
		{B77DB654-8D96-47CD-829D-9902FB844A57}.Release|Mixed Platforms.Build.0 = Release|x86
		{B77DB654-8D96-47CD-829D-9902FB844A57}.Release|x86.ActiveCfg = Release|x86
		{B77DB654-8D96-47CD-829D-9902FB844A57}.Release|x86.Build.0 = Release|x86
		{B77DB654-8D96-47CD-829D-9902FB844A57}.SignedRelease|Any CPU.ActiveCfg = Release|Any CPU
		{B77DB654-8D96-47CD-829D-9902FB844A57}.SignedRelease|Any CPU.Build.0 = Release|Any CPU
		{B77DB654-8D96-47CD-829D-9902FB844A57}.SignedRelease|Mixed Platforms.ActiveCfg = Release|Any CPU
		{B77DB654-8D96-47CD-829D-9902FB844A57}.SignedRelease|Mixed Platforms.Build.0 = Release|Any CPU
		{B77DB654-8D96-47CD-829D-9902FB844A57}.SignedRelease|x86.ActiveCfg = Release|Any CPU
		{983919B1-6BAD-4199-8E84-89B3373995DF}.Debug|Any CPU.ActiveCfg = Debug|Any CPU
		{983919B1-6BAD-4199-8E84-89B3373995DF}.Debug|Any CPU.Build.0 = Debug|Any CPU
		{983919B1-6BAD-4199-8E84-89B3373995DF}.Debug|Mixed Platforms.ActiveCfg = Debug|x86
		{983919B1-6BAD-4199-8E84-89B3373995DF}.Debug|Mixed Platforms.Build.0 = Debug|x86
		{983919B1-6BAD-4199-8E84-89B3373995DF}.Debug|x86.ActiveCfg = Debug|x86
		{983919B1-6BAD-4199-8E84-89B3373995DF}.Debug|x86.Build.0 = Debug|x86
		{983919B1-6BAD-4199-8E84-89B3373995DF}.Release|Any CPU.ActiveCfg = Release|Any CPU
		{983919B1-6BAD-4199-8E84-89B3373995DF}.Release|Any CPU.Build.0 = Release|Any CPU
		{983919B1-6BAD-4199-8E84-89B3373995DF}.Release|Mixed Platforms.ActiveCfg = Release|x86
		{983919B1-6BAD-4199-8E84-89B3373995DF}.Release|Mixed Platforms.Build.0 = Release|x86
		{983919B1-6BAD-4199-8E84-89B3373995DF}.Release|x86.ActiveCfg = Release|x86
		{983919B1-6BAD-4199-8E84-89B3373995DF}.Release|x86.Build.0 = Release|x86
		{983919B1-6BAD-4199-8E84-89B3373995DF}.SignedRelease|Any CPU.ActiveCfg = Release|Any CPU
		{983919B1-6BAD-4199-8E84-89B3373995DF}.SignedRelease|Any CPU.Build.0 = Release|Any CPU
		{983919B1-6BAD-4199-8E84-89B3373995DF}.SignedRelease|Mixed Platforms.ActiveCfg = Release|x86
		{983919B1-6BAD-4199-8E84-89B3373995DF}.SignedRelease|Mixed Platforms.Build.0 = Release|x86
		{983919B1-6BAD-4199-8E84-89B3373995DF}.SignedRelease|x86.ActiveCfg = Release|x86
		{983919B1-6BAD-4199-8E84-89B3373995DF}.SignedRelease|x86.Build.0 = Release|x86
		{13F0E256-4877-4B5B-B027-DBE9632E01C4}.Debug|Any CPU.ActiveCfg = Debug|Any CPU
		{13F0E256-4877-4B5B-B027-DBE9632E01C4}.Debug|Any CPU.Build.0 = Debug|Any CPU
		{13F0E256-4877-4B5B-B027-DBE9632E01C4}.Debug|Mixed Platforms.ActiveCfg = Debug|Any CPU
		{13F0E256-4877-4B5B-B027-DBE9632E01C4}.Debug|Mixed Platforms.Build.0 = Debug|Any CPU
		{13F0E256-4877-4B5B-B027-DBE9632E01C4}.Debug|x86.ActiveCfg = Debug|Any CPU
		{13F0E256-4877-4B5B-B027-DBE9632E01C4}.Release|Any CPU.ActiveCfg = Release|Any CPU
		{13F0E256-4877-4B5B-B027-DBE9632E01C4}.Release|Any CPU.Build.0 = Release|Any CPU
		{13F0E256-4877-4B5B-B027-DBE9632E01C4}.Release|Mixed Platforms.ActiveCfg = Release|Any CPU
		{13F0E256-4877-4B5B-B027-DBE9632E01C4}.Release|Mixed Platforms.Build.0 = Release|Any CPU
		{13F0E256-4877-4B5B-B027-DBE9632E01C4}.Release|x86.ActiveCfg = Release|Any CPU
		{13F0E256-4877-4B5B-B027-DBE9632E01C4}.SignedRelease|Any CPU.ActiveCfg = Release|Any CPU
		{13F0E256-4877-4B5B-B027-DBE9632E01C4}.SignedRelease|Any CPU.Build.0 = Release|Any CPU
		{13F0E256-4877-4B5B-B027-DBE9632E01C4}.SignedRelease|Mixed Platforms.ActiveCfg = Release|Any CPU
		{13F0E256-4877-4B5B-B027-DBE9632E01C4}.SignedRelease|Mixed Platforms.Build.0 = Release|Any CPU
		{13F0E256-4877-4B5B-B027-DBE9632E01C4}.SignedRelease|x86.ActiveCfg = Release|Any CPU
		{84EF21B9-14C4-4FCD-8EAC-96A9EFBB166C}.Debug|Any CPU.ActiveCfg = Debug|Any CPU
		{84EF21B9-14C4-4FCD-8EAC-96A9EFBB166C}.Debug|Any CPU.Build.0 = Debug|Any CPU
		{84EF21B9-14C4-4FCD-8EAC-96A9EFBB166C}.Debug|Mixed Platforms.ActiveCfg = Debug|Any CPU
		{84EF21B9-14C4-4FCD-8EAC-96A9EFBB166C}.Debug|Mixed Platforms.Build.0 = Debug|Any CPU
		{84EF21B9-14C4-4FCD-8EAC-96A9EFBB166C}.Debug|x86.ActiveCfg = Debug|Any CPU
		{84EF21B9-14C4-4FCD-8EAC-96A9EFBB166C}.Release|Any CPU.ActiveCfg = Release|Any CPU
		{84EF21B9-14C4-4FCD-8EAC-96A9EFBB166C}.Release|Any CPU.Build.0 = Release|Any CPU
		{84EF21B9-14C4-4FCD-8EAC-96A9EFBB166C}.Release|Mixed Platforms.ActiveCfg = Release|Any CPU
		{84EF21B9-14C4-4FCD-8EAC-96A9EFBB166C}.Release|Mixed Platforms.Build.0 = Release|Any CPU
		{84EF21B9-14C4-4FCD-8EAC-96A9EFBB166C}.Release|x86.ActiveCfg = Release|Any CPU
		{84EF21B9-14C4-4FCD-8EAC-96A9EFBB166C}.SignedRelease|Any CPU.ActiveCfg = Release|Any CPU
		{84EF21B9-14C4-4FCD-8EAC-96A9EFBB166C}.SignedRelease|Any CPU.Build.0 = Release|Any CPU
		{84EF21B9-14C4-4FCD-8EAC-96A9EFBB166C}.SignedRelease|Mixed Platforms.ActiveCfg = Release|Any CPU
		{84EF21B9-14C4-4FCD-8EAC-96A9EFBB166C}.SignedRelease|Mixed Platforms.Build.0 = Release|Any CPU
		{84EF21B9-14C4-4FCD-8EAC-96A9EFBB166C}.SignedRelease|x86.ActiveCfg = Release|Any CPU
		{7433656A-252C-47A0-B8CC-C93B7915E17B}.Debug|Any CPU.ActiveCfg = Debug|Any CPU
		{7433656A-252C-47A0-B8CC-C93B7915E17B}.Debug|Any CPU.Build.0 = Debug|Any CPU
		{7433656A-252C-47A0-B8CC-C93B7915E17B}.Debug|Mixed Platforms.ActiveCfg = Debug|Any CPU
		{7433656A-252C-47A0-B8CC-C93B7915E17B}.Debug|Mixed Platforms.Build.0 = Debug|Any CPU
		{7433656A-252C-47A0-B8CC-C93B7915E17B}.Debug|x86.ActiveCfg = Debug|Any CPU
		{7433656A-252C-47A0-B8CC-C93B7915E17B}.Release|Any CPU.ActiveCfg = Release|Any CPU
		{7433656A-252C-47A0-B8CC-C93B7915E17B}.Release|Any CPU.Build.0 = Release|Any CPU
		{7433656A-252C-47A0-B8CC-C93B7915E17B}.Release|Mixed Platforms.ActiveCfg = Release|Any CPU
		{7433656A-252C-47A0-B8CC-C93B7915E17B}.Release|Mixed Platforms.Build.0 = Release|Any CPU
		{7433656A-252C-47A0-B8CC-C93B7915E17B}.Release|x86.ActiveCfg = Release|Any CPU
		{7433656A-252C-47A0-B8CC-C93B7915E17B}.SignedRelease|Any CPU.ActiveCfg = Release|Any CPU
		{7433656A-252C-47A0-B8CC-C93B7915E17B}.SignedRelease|Any CPU.Build.0 = Release|Any CPU
		{7433656A-252C-47A0-B8CC-C93B7915E17B}.SignedRelease|Mixed Platforms.ActiveCfg = Release|Any CPU
		{7433656A-252C-47A0-B8CC-C93B7915E17B}.SignedRelease|Mixed Platforms.Build.0 = Release|Any CPU
		{7433656A-252C-47A0-B8CC-C93B7915E17B}.SignedRelease|x86.ActiveCfg = Release|Any CPU
		{26484A67-B41F-4931-BF50-EDAD1288BEB1}.Debug|Any CPU.ActiveCfg = Debug|Any CPU
		{26484A67-B41F-4931-BF50-EDAD1288BEB1}.Debug|Any CPU.Build.0 = Debug|Any CPU
		{26484A67-B41F-4931-BF50-EDAD1288BEB1}.Debug|Mixed Platforms.ActiveCfg = Debug|Any CPU
		{26484A67-B41F-4931-BF50-EDAD1288BEB1}.Debug|Mixed Platforms.Build.0 = Debug|Any CPU
		{26484A67-B41F-4931-BF50-EDAD1288BEB1}.Debug|x86.ActiveCfg = Debug|Any CPU
		{26484A67-B41F-4931-BF50-EDAD1288BEB1}.Release|Any CPU.ActiveCfg = Release|Any CPU
		{26484A67-B41F-4931-BF50-EDAD1288BEB1}.Release|Any CPU.Build.0 = Release|Any CPU
		{26484A67-B41F-4931-BF50-EDAD1288BEB1}.Release|Mixed Platforms.ActiveCfg = Release|Any CPU
		{26484A67-B41F-4931-BF50-EDAD1288BEB1}.Release|Mixed Platforms.Build.0 = Release|Any CPU
		{26484A67-B41F-4931-BF50-EDAD1288BEB1}.Release|x86.ActiveCfg = Release|Any CPU
		{26484A67-B41F-4931-BF50-EDAD1288BEB1}.SignedRelease|Any CPU.ActiveCfg = Release|Any CPU
		{26484A67-B41F-4931-BF50-EDAD1288BEB1}.SignedRelease|Any CPU.Build.0 = Release|Any CPU
		{26484A67-B41F-4931-BF50-EDAD1288BEB1}.SignedRelease|Mixed Platforms.ActiveCfg = Release|Any CPU
		{26484A67-B41F-4931-BF50-EDAD1288BEB1}.SignedRelease|Mixed Platforms.Build.0 = Release|Any CPU
		{26484A67-B41F-4931-BF50-EDAD1288BEB1}.SignedRelease|x86.ActiveCfg = Release|Any CPU
		{5C294045-BACA-4A40-ACBD-3E74727AAAB8}.Debug|Any CPU.ActiveCfg = Debug|Any CPU
		{5C294045-BACA-4A40-ACBD-3E74727AAAB8}.Debug|Any CPU.Build.0 = Debug|Any CPU
		{5C294045-BACA-4A40-ACBD-3E74727AAAB8}.Debug|Mixed Platforms.ActiveCfg = Debug|Any CPU
		{5C294045-BACA-4A40-ACBD-3E74727AAAB8}.Debug|Mixed Platforms.Build.0 = Debug|Any CPU
		{5C294045-BACA-4A40-ACBD-3E74727AAAB8}.Debug|x86.ActiveCfg = Debug|Any CPU
		{5C294045-BACA-4A40-ACBD-3E74727AAAB8}.Release|Any CPU.ActiveCfg = Release|Any CPU
		{5C294045-BACA-4A40-ACBD-3E74727AAAB8}.Release|Any CPU.Build.0 = Release|Any CPU
		{5C294045-BACA-4A40-ACBD-3E74727AAAB8}.Release|Mixed Platforms.ActiveCfg = Release|Any CPU
		{5C294045-BACA-4A40-ACBD-3E74727AAAB8}.Release|Mixed Platforms.Build.0 = Release|Any CPU
		{5C294045-BACA-4A40-ACBD-3E74727AAAB8}.Release|x86.ActiveCfg = Release|Any CPU
		{5C294045-BACA-4A40-ACBD-3E74727AAAB8}.SignedRelease|Any CPU.ActiveCfg = Release|Any CPU
		{5C294045-BACA-4A40-ACBD-3E74727AAAB8}.SignedRelease|Mixed Platforms.ActiveCfg = Release|Any CPU
		{5C294045-BACA-4A40-ACBD-3E74727AAAB8}.SignedRelease|x86.ActiveCfg = Release|Any CPU
		{28EC3DBE-EAD9-4A27-9887-26DCF467AB80}.Debug|Any CPU.ActiveCfg = Debug|Any CPU
		{28EC3DBE-EAD9-4A27-9887-26DCF467AB80}.Debug|Any CPU.Build.0 = Debug|Any CPU
		{28EC3DBE-EAD9-4A27-9887-26DCF467AB80}.Debug|Mixed Platforms.ActiveCfg = Debug|x86
		{28EC3DBE-EAD9-4A27-9887-26DCF467AB80}.Debug|Mixed Platforms.Build.0 = Debug|x86
		{28EC3DBE-EAD9-4A27-9887-26DCF467AB80}.Debug|x86.ActiveCfg = Debug|x86
		{28EC3DBE-EAD9-4A27-9887-26DCF467AB80}.Debug|x86.Build.0 = Debug|x86
		{28EC3DBE-EAD9-4A27-9887-26DCF467AB80}.Release|Any CPU.ActiveCfg = Release|Any CPU
		{28EC3DBE-EAD9-4A27-9887-26DCF467AB80}.Release|Any CPU.Build.0 = Release|Any CPU
		{28EC3DBE-EAD9-4A27-9887-26DCF467AB80}.Release|Mixed Platforms.ActiveCfg = Release|x86
		{28EC3DBE-EAD9-4A27-9887-26DCF467AB80}.Release|Mixed Platforms.Build.0 = Release|x86
		{28EC3DBE-EAD9-4A27-9887-26DCF467AB80}.Release|x86.ActiveCfg = Release|x86
		{28EC3DBE-EAD9-4A27-9887-26DCF467AB80}.Release|x86.Build.0 = Release|x86
		{28EC3DBE-EAD9-4A27-9887-26DCF467AB80}.SignedRelease|Any CPU.ActiveCfg = Release|x86
		{28EC3DBE-EAD9-4A27-9887-26DCF467AB80}.SignedRelease|Mixed Platforms.ActiveCfg = Release|x86
		{28EC3DBE-EAD9-4A27-9887-26DCF467AB80}.SignedRelease|Mixed Platforms.Build.0 = Release|x86
		{28EC3DBE-EAD9-4A27-9887-26DCF467AB80}.SignedRelease|x86.ActiveCfg = Release|x86
		{28EC3DBE-EAD9-4A27-9887-26DCF467AB80}.SignedRelease|x86.Build.0 = Release|x86
		{D57F3ACB-8FC7-401F-9B60-AA68526CEA2A}.Debug|Any CPU.ActiveCfg = Debug|Any CPU
		{D57F3ACB-8FC7-401F-9B60-AA68526CEA2A}.Debug|Any CPU.Build.0 = Debug|Any CPU
		{D57F3ACB-8FC7-401F-9B60-AA68526CEA2A}.Debug|Mixed Platforms.ActiveCfg = Debug|Any CPU
		{D57F3ACB-8FC7-401F-9B60-AA68526CEA2A}.Debug|Mixed Platforms.Build.0 = Debug|Any CPU
		{D57F3ACB-8FC7-401F-9B60-AA68526CEA2A}.Debug|x86.ActiveCfg = Debug|Any CPU
		{D57F3ACB-8FC7-401F-9B60-AA68526CEA2A}.Release|Any CPU.ActiveCfg = Release|Any CPU
		{D57F3ACB-8FC7-401F-9B60-AA68526CEA2A}.Release|Any CPU.Build.0 = Release|Any CPU
		{D57F3ACB-8FC7-401F-9B60-AA68526CEA2A}.Release|Mixed Platforms.ActiveCfg = Release|Any CPU
		{D57F3ACB-8FC7-401F-9B60-AA68526CEA2A}.Release|Mixed Platforms.Build.0 = Release|Any CPU
		{D57F3ACB-8FC7-401F-9B60-AA68526CEA2A}.Release|x86.ActiveCfg = Release|Any CPU
		{D57F3ACB-8FC7-401F-9B60-AA68526CEA2A}.SignedRelease|Any CPU.ActiveCfg = Release|Any CPU
		{D57F3ACB-8FC7-401F-9B60-AA68526CEA2A}.SignedRelease|Any CPU.Build.0 = Release|Any CPU
		{D57F3ACB-8FC7-401F-9B60-AA68526CEA2A}.SignedRelease|Mixed Platforms.ActiveCfg = Release|Any CPU
		{D57F3ACB-8FC7-401F-9B60-AA68526CEA2A}.SignedRelease|Mixed Platforms.Build.0 = Release|Any CPU
		{D57F3ACB-8FC7-401F-9B60-AA68526CEA2A}.SignedRelease|x86.ActiveCfg = Release|Any CPU
		{AFA24804-A3B7-4E43-8490-8626592BF5B3}.Debug|Any CPU.ActiveCfg = Debug|Any CPU
		{AFA24804-A3B7-4E43-8490-8626592BF5B3}.Debug|Any CPU.Build.0 = Debug|Any CPU
		{AFA24804-A3B7-4E43-8490-8626592BF5B3}.Debug|Mixed Platforms.ActiveCfg = Debug|Any CPU
		{AFA24804-A3B7-4E43-8490-8626592BF5B3}.Debug|Mixed Platforms.Build.0 = Debug|Any CPU
		{AFA24804-A3B7-4E43-8490-8626592BF5B3}.Debug|x86.ActiveCfg = Debug|Any CPU
		{AFA24804-A3B7-4E43-8490-8626592BF5B3}.Release|Any CPU.ActiveCfg = Release|Any CPU
		{AFA24804-A3B7-4E43-8490-8626592BF5B3}.Release|Any CPU.Build.0 = Release|Any CPU
		{AFA24804-A3B7-4E43-8490-8626592BF5B3}.Release|Mixed Platforms.ActiveCfg = Release|Any CPU
		{AFA24804-A3B7-4E43-8490-8626592BF5B3}.Release|Mixed Platforms.Build.0 = Release|Any CPU
		{AFA24804-A3B7-4E43-8490-8626592BF5B3}.Release|x86.ActiveCfg = Release|Any CPU
		{AFA24804-A3B7-4E43-8490-8626592BF5B3}.SignedRelease|Any CPU.ActiveCfg = Release|Any CPU
		{AFA24804-A3B7-4E43-8490-8626592BF5B3}.SignedRelease|Any CPU.Build.0 = Release|Any CPU
		{AFA24804-A3B7-4E43-8490-8626592BF5B3}.SignedRelease|Mixed Platforms.ActiveCfg = Release|Any CPU
		{AFA24804-A3B7-4E43-8490-8626592BF5B3}.SignedRelease|Mixed Platforms.Build.0 = Release|Any CPU
		{AFA24804-A3B7-4E43-8490-8626592BF5B3}.SignedRelease|x86.ActiveCfg = Release|Any CPU
		{ABA59002-6220-46A3-AF67-21C9F4E1C1E5}.Debug|Any CPU.ActiveCfg = Debug|Any CPU
		{ABA59002-6220-46A3-AF67-21C9F4E1C1E5}.Debug|Any CPU.Build.0 = Debug|Any CPU
		{ABA59002-6220-46A3-AF67-21C9F4E1C1E5}.Debug|Mixed Platforms.ActiveCfg = Debug|Any CPU
		{ABA59002-6220-46A3-AF67-21C9F4E1C1E5}.Debug|Mixed Platforms.Build.0 = Debug|Any CPU
		{ABA59002-6220-46A3-AF67-21C9F4E1C1E5}.Debug|x86.ActiveCfg = Debug|Any CPU
		{ABA59002-6220-46A3-AF67-21C9F4E1C1E5}.Release|Any CPU.ActiveCfg = Release|Any CPU
		{ABA59002-6220-46A3-AF67-21C9F4E1C1E5}.Release|Any CPU.Build.0 = Release|Any CPU
		{ABA59002-6220-46A3-AF67-21C9F4E1C1E5}.Release|Mixed Platforms.ActiveCfg = Release|Any CPU
		{ABA59002-6220-46A3-AF67-21C9F4E1C1E5}.Release|Mixed Platforms.Build.0 = Release|Any CPU
		{ABA59002-6220-46A3-AF67-21C9F4E1C1E5}.Release|x86.ActiveCfg = Release|Any CPU
		{ABA59002-6220-46A3-AF67-21C9F4E1C1E5}.SignedRelease|Any CPU.ActiveCfg = Release|Any CPU
		{ABA59002-6220-46A3-AF67-21C9F4E1C1E5}.SignedRelease|Any CPU.Build.0 = Release|Any CPU
		{ABA59002-6220-46A3-AF67-21C9F4E1C1E5}.SignedRelease|Mixed Platforms.ActiveCfg = Release|Any CPU
		{ABA59002-6220-46A3-AF67-21C9F4E1C1E5}.SignedRelease|Mixed Platforms.Build.0 = Release|Any CPU
		{ABA59002-6220-46A3-AF67-21C9F4E1C1E5}.SignedRelease|x86.ActiveCfg = Release|Any CPU
		{565A05FC-BBB5-4CB5-941A-93BF515AFEFC}.Debug|Any CPU.ActiveCfg = Debug|Any CPU
		{565A05FC-BBB5-4CB5-941A-93BF515AFEFC}.Debug|Any CPU.Build.0 = Debug|Any CPU
		{565A05FC-BBB5-4CB5-941A-93BF515AFEFC}.Debug|Mixed Platforms.ActiveCfg = Debug|Any CPU
		{565A05FC-BBB5-4CB5-941A-93BF515AFEFC}.Debug|Mixed Platforms.Build.0 = Debug|Any CPU
		{565A05FC-BBB5-4CB5-941A-93BF515AFEFC}.Debug|x86.ActiveCfg = Debug|Any CPU
		{565A05FC-BBB5-4CB5-941A-93BF515AFEFC}.Release|Any CPU.ActiveCfg = Release|Any CPU
		{565A05FC-BBB5-4CB5-941A-93BF515AFEFC}.Release|Any CPU.Build.0 = Release|Any CPU
		{565A05FC-BBB5-4CB5-941A-93BF515AFEFC}.Release|Mixed Platforms.ActiveCfg = Release|Any CPU
		{565A05FC-BBB5-4CB5-941A-93BF515AFEFC}.Release|Mixed Platforms.Build.0 = Release|Any CPU
		{565A05FC-BBB5-4CB5-941A-93BF515AFEFC}.Release|x86.ActiveCfg = Release|Any CPU
		{565A05FC-BBB5-4CB5-941A-93BF515AFEFC}.SignedRelease|Any CPU.ActiveCfg = Release|Any CPU
		{565A05FC-BBB5-4CB5-941A-93BF515AFEFC}.SignedRelease|Any CPU.Build.0 = Release|Any CPU
		{565A05FC-BBB5-4CB5-941A-93BF515AFEFC}.SignedRelease|Mixed Platforms.ActiveCfg = Release|Any CPU
		{565A05FC-BBB5-4CB5-941A-93BF515AFEFC}.SignedRelease|Mixed Platforms.Build.0 = Release|Any CPU
		{565A05FC-BBB5-4CB5-941A-93BF515AFEFC}.SignedRelease|x86.ActiveCfg = Release|Any CPU
		{F76F6B4F-8F2B-448B-86E1-6C106E609258}.Debug|Any CPU.ActiveCfg = Debug|Any CPU
		{F76F6B4F-8F2B-448B-86E1-6C106E609258}.Debug|Any CPU.Build.0 = Debug|Any CPU
		{F76F6B4F-8F2B-448B-86E1-6C106E609258}.Debug|Mixed Platforms.ActiveCfg = Debug|Any CPU
		{F76F6B4F-8F2B-448B-86E1-6C106E609258}.Debug|Mixed Platforms.Build.0 = Debug|Any CPU
		{F76F6B4F-8F2B-448B-86E1-6C106E609258}.Debug|x86.ActiveCfg = Debug|Any CPU
		{F76F6B4F-8F2B-448B-86E1-6C106E609258}.Release|Any CPU.ActiveCfg = Release|Any CPU
		{F76F6B4F-8F2B-448B-86E1-6C106E609258}.Release|Any CPU.Build.0 = Release|Any CPU
		{F76F6B4F-8F2B-448B-86E1-6C106E609258}.Release|Mixed Platforms.ActiveCfg = Release|Any CPU
		{F76F6B4F-8F2B-448B-86E1-6C106E609258}.Release|Mixed Platforms.Build.0 = Release|Any CPU
		{F76F6B4F-8F2B-448B-86E1-6C106E609258}.Release|x86.ActiveCfg = Release|Any CPU
		{F76F6B4F-8F2B-448B-86E1-6C106E609258}.SignedRelease|Any CPU.ActiveCfg = Release|Any CPU
		{F76F6B4F-8F2B-448B-86E1-6C106E609258}.SignedRelease|Any CPU.Build.0 = Release|Any CPU
		{F76F6B4F-8F2B-448B-86E1-6C106E609258}.SignedRelease|Mixed Platforms.ActiveCfg = Release|Any CPU
		{F76F6B4F-8F2B-448B-86E1-6C106E609258}.SignedRelease|Mixed Platforms.Build.0 = Release|Any CPU
		{F76F6B4F-8F2B-448B-86E1-6C106E609258}.SignedRelease|x86.ActiveCfg = Release|Any CPU
		{C2A320D2-2FEC-4A61-BE1B-822D3F72702D}.Debug|Any CPU.ActiveCfg = Debug|Any CPU
		{C2A320D2-2FEC-4A61-BE1B-822D3F72702D}.Debug|Any CPU.Build.0 = Debug|Any CPU
		{C2A320D2-2FEC-4A61-BE1B-822D3F72702D}.Debug|Mixed Platforms.ActiveCfg = Debug|Any CPU
		{C2A320D2-2FEC-4A61-BE1B-822D3F72702D}.Debug|Mixed Platforms.Build.0 = Debug|Any CPU
		{C2A320D2-2FEC-4A61-BE1B-822D3F72702D}.Debug|x86.ActiveCfg = Debug|Any CPU
		{C2A320D2-2FEC-4A61-BE1B-822D3F72702D}.Release|Any CPU.ActiveCfg = Release|Any CPU
		{C2A320D2-2FEC-4A61-BE1B-822D3F72702D}.Release|Any CPU.Build.0 = Release|Any CPU
		{C2A320D2-2FEC-4A61-BE1B-822D3F72702D}.Release|Mixed Platforms.ActiveCfg = Release|Any CPU
		{C2A320D2-2FEC-4A61-BE1B-822D3F72702D}.Release|Mixed Platforms.Build.0 = Release|Any CPU
		{C2A320D2-2FEC-4A61-BE1B-822D3F72702D}.Release|x86.ActiveCfg = Release|Any CPU
		{C2A320D2-2FEC-4A61-BE1B-822D3F72702D}.SignedRelease|Any CPU.ActiveCfg = Release|Any CPU
		{C2A320D2-2FEC-4A61-BE1B-822D3F72702D}.SignedRelease|Any CPU.Build.0 = Release|Any CPU
		{C2A320D2-2FEC-4A61-BE1B-822D3F72702D}.SignedRelease|Mixed Platforms.ActiveCfg = Release|Any CPU
		{C2A320D2-2FEC-4A61-BE1B-822D3F72702D}.SignedRelease|Mixed Platforms.Build.0 = Release|Any CPU
		{C2A320D2-2FEC-4A61-BE1B-822D3F72702D}.SignedRelease|x86.ActiveCfg = Release|Any CPU
		{9C0BEBC8-980D-4401-B2CC-5CE182D7842E}.Debug|Any CPU.ActiveCfg = Debug|Any CPU
		{9C0BEBC8-980D-4401-B2CC-5CE182D7842E}.Debug|Any CPU.Build.0 = Debug|Any CPU
		{9C0BEBC8-980D-4401-B2CC-5CE182D7842E}.Debug|Mixed Platforms.ActiveCfg = Debug|Any CPU
		{9C0BEBC8-980D-4401-B2CC-5CE182D7842E}.Debug|Mixed Platforms.Build.0 = Debug|Any CPU
		{9C0BEBC8-980D-4401-B2CC-5CE182D7842E}.Debug|x86.ActiveCfg = Debug|Any CPU
		{9C0BEBC8-980D-4401-B2CC-5CE182D7842E}.Release|Any CPU.ActiveCfg = Release|Any CPU
		{9C0BEBC8-980D-4401-B2CC-5CE182D7842E}.Release|Any CPU.Build.0 = Release|Any CPU
		{9C0BEBC8-980D-4401-B2CC-5CE182D7842E}.Release|Mixed Platforms.ActiveCfg = Release|Any CPU
		{9C0BEBC8-980D-4401-B2CC-5CE182D7842E}.Release|Mixed Platforms.Build.0 = Release|Any CPU
		{9C0BEBC8-980D-4401-B2CC-5CE182D7842E}.Release|x86.ActiveCfg = Release|Any CPU
		{9C0BEBC8-980D-4401-B2CC-5CE182D7842E}.SignedRelease|Any CPU.ActiveCfg = Release|Any CPU
		{9C0BEBC8-980D-4401-B2CC-5CE182D7842E}.SignedRelease|Any CPU.Build.0 = Release|Any CPU
		{9C0BEBC8-980D-4401-B2CC-5CE182D7842E}.SignedRelease|Mixed Platforms.ActiveCfg = Release|Any CPU
		{9C0BEBC8-980D-4401-B2CC-5CE182D7842E}.SignedRelease|Mixed Platforms.Build.0 = Release|Any CPU
		{9C0BEBC8-980D-4401-B2CC-5CE182D7842E}.SignedRelease|x86.ActiveCfg = Release|Any CPU
		{92E4743F-1F43-411D-8B71-35803827872E}.Debug|Any CPU.ActiveCfg = Debug|Any CPU
		{92E4743F-1F43-411D-8B71-35803827872E}.Debug|Any CPU.Build.0 = Debug|Any CPU
		{92E4743F-1F43-411D-8B71-35803827872E}.Debug|Mixed Platforms.ActiveCfg = Debug|Any CPU
		{92E4743F-1F43-411D-8B71-35803827872E}.Debug|Mixed Platforms.Build.0 = Debug|Any CPU
		{92E4743F-1F43-411D-8B71-35803827872E}.Debug|x86.ActiveCfg = Debug|Any CPU
		{92E4743F-1F43-411D-8B71-35803827872E}.Release|Any CPU.ActiveCfg = Release|Any CPU
		{92E4743F-1F43-411D-8B71-35803827872E}.Release|Any CPU.Build.0 = Release|Any CPU
		{92E4743F-1F43-411D-8B71-35803827872E}.Release|Mixed Platforms.ActiveCfg = Release|Any CPU
		{92E4743F-1F43-411D-8B71-35803827872E}.Release|Mixed Platforms.Build.0 = Release|Any CPU
		{92E4743F-1F43-411D-8B71-35803827872E}.Release|x86.ActiveCfg = Release|Any CPU
		{92E4743F-1F43-411D-8B71-35803827872E}.SignedRelease|Any CPU.ActiveCfg = Release|Any CPU
		{92E4743F-1F43-411D-8B71-35803827872E}.SignedRelease|Any CPU.Build.0 = Release|Any CPU
		{92E4743F-1F43-411D-8B71-35803827872E}.SignedRelease|Mixed Platforms.ActiveCfg = Release|Any CPU
		{92E4743F-1F43-411D-8B71-35803827872E}.SignedRelease|Mixed Platforms.Build.0 = Release|Any CPU
		{92E4743F-1F43-411D-8B71-35803827872E}.SignedRelease|x86.ActiveCfg = Release|Any CPU
		{21024CE1-804E-49E6-B6FE-6950C3FE3C7B}.Debug|Any CPU.ActiveCfg = Debug|Any CPU
		{21024CE1-804E-49E6-B6FE-6950C3FE3C7B}.Debug|Any CPU.Build.0 = Debug|Any CPU
		{21024CE1-804E-49E6-B6FE-6950C3FE3C7B}.Debug|Mixed Platforms.ActiveCfg = Debug|Any CPU
		{21024CE1-804E-49E6-B6FE-6950C3FE3C7B}.Debug|Mixed Platforms.Build.0 = Debug|Any CPU
		{21024CE1-804E-49E6-B6FE-6950C3FE3C7B}.Debug|x86.ActiveCfg = Debug|Any CPU
		{21024CE1-804E-49E6-B6FE-6950C3FE3C7B}.Release|Any CPU.ActiveCfg = Release|Any CPU
		{21024CE1-804E-49E6-B6FE-6950C3FE3C7B}.Release|Any CPU.Build.0 = Release|Any CPU
		{21024CE1-804E-49E6-B6FE-6950C3FE3C7B}.Release|Mixed Platforms.ActiveCfg = Release|Any CPU
		{21024CE1-804E-49E6-B6FE-6950C3FE3C7B}.Release|Mixed Platforms.Build.0 = Release|Any CPU
		{21024CE1-804E-49E6-B6FE-6950C3FE3C7B}.Release|x86.ActiveCfg = Release|Any CPU
		{21024CE1-804E-49E6-B6FE-6950C3FE3C7B}.SignedRelease|Any CPU.ActiveCfg = Release|Any CPU
		{21024CE1-804E-49E6-B6FE-6950C3FE3C7B}.SignedRelease|Any CPU.Build.0 = Release|Any CPU
		{21024CE1-804E-49E6-B6FE-6950C3FE3C7B}.SignedRelease|Mixed Platforms.ActiveCfg = Release|Any CPU
		{21024CE1-804E-49E6-B6FE-6950C3FE3C7B}.SignedRelease|Mixed Platforms.Build.0 = Release|Any CPU
		{21024CE1-804E-49E6-B6FE-6950C3FE3C7B}.SignedRelease|x86.ActiveCfg = Release|Any CPU
		{56C65AD7-4EFE-4F18-BF61-C022B3E8C141}.Debug|Any CPU.ActiveCfg = Debug|Any CPU
		{56C65AD7-4EFE-4F18-BF61-C022B3E8C141}.Debug|Any CPU.Build.0 = Debug|Any CPU
		{56C65AD7-4EFE-4F18-BF61-C022B3E8C141}.Debug|Mixed Platforms.ActiveCfg = Debug|Any CPU
		{56C65AD7-4EFE-4F18-BF61-C022B3E8C141}.Debug|Mixed Platforms.Build.0 = Debug|Any CPU
		{56C65AD7-4EFE-4F18-BF61-C022B3E8C141}.Debug|x86.ActiveCfg = Debug|Any CPU
		{56C65AD7-4EFE-4F18-BF61-C022B3E8C141}.Release|Any CPU.ActiveCfg = Release|Any CPU
		{56C65AD7-4EFE-4F18-BF61-C022B3E8C141}.Release|Any CPU.Build.0 = Release|Any CPU
		{56C65AD7-4EFE-4F18-BF61-C022B3E8C141}.Release|Mixed Platforms.ActiveCfg = Release|Any CPU
		{56C65AD7-4EFE-4F18-BF61-C022B3E8C141}.Release|Mixed Platforms.Build.0 = Release|Any CPU
		{56C65AD7-4EFE-4F18-BF61-C022B3E8C141}.Release|x86.ActiveCfg = Release|Any CPU
		{56C65AD7-4EFE-4F18-BF61-C022B3E8C141}.SignedRelease|Any CPU.ActiveCfg = Release|Any CPU
		{56C65AD7-4EFE-4F18-BF61-C022B3E8C141}.SignedRelease|Any CPU.Build.0 = Release|Any CPU
		{56C65AD7-4EFE-4F18-BF61-C022B3E8C141}.SignedRelease|Mixed Platforms.ActiveCfg = Release|Any CPU
		{56C65AD7-4EFE-4F18-BF61-C022B3E8C141}.SignedRelease|Mixed Platforms.Build.0 = Release|Any CPU
		{56C65AD7-4EFE-4F18-BF61-C022B3E8C141}.SignedRelease|x86.ActiveCfg = Release|Any CPU
		{BA60A990-D4AC-4A33-A726-B89CACF32249}.Debug|Any CPU.ActiveCfg = Debug|Any CPU
		{BA60A990-D4AC-4A33-A726-B89CACF32249}.Debug|Any CPU.Build.0 = Debug|Any CPU
		{BA60A990-D4AC-4A33-A726-B89CACF32249}.Debug|Mixed Platforms.ActiveCfg = Debug|Any CPU
		{BA60A990-D4AC-4A33-A726-B89CACF32249}.Debug|Mixed Platforms.Build.0 = Debug|Any CPU
		{BA60A990-D4AC-4A33-A726-B89CACF32249}.Debug|x86.ActiveCfg = Debug|Any CPU
		{BA60A990-D4AC-4A33-A726-B89CACF32249}.Release|Any CPU.ActiveCfg = Release|Any CPU
		{BA60A990-D4AC-4A33-A726-B89CACF32249}.Release|Any CPU.Build.0 = Release|Any CPU
		{BA60A990-D4AC-4A33-A726-B89CACF32249}.Release|Mixed Platforms.ActiveCfg = Release|Any CPU
		{BA60A990-D4AC-4A33-A726-B89CACF32249}.Release|Mixed Platforms.Build.0 = Release|Any CPU
		{BA60A990-D4AC-4A33-A726-B89CACF32249}.Release|x86.ActiveCfg = Release|Any CPU
		{BA60A990-D4AC-4A33-A726-B89CACF32249}.SignedRelease|Any CPU.ActiveCfg = Release|Any CPU
		{BA60A990-D4AC-4A33-A726-B89CACF32249}.SignedRelease|Any CPU.Build.0 = Release|Any CPU
		{BA60A990-D4AC-4A33-A726-B89CACF32249}.SignedRelease|Mixed Platforms.ActiveCfg = Release|Any CPU
		{BA60A990-D4AC-4A33-A726-B89CACF32249}.SignedRelease|Mixed Platforms.Build.0 = Release|Any CPU
		{BA60A990-D4AC-4A33-A726-B89CACF32249}.SignedRelease|x86.ActiveCfg = Release|Any CPU
	EndGlobalSection
	GlobalSection(SolutionProperties) = preSolution
		HideSolutionNode = FALSE
	EndGlobalSection
	GlobalSection(NestedProjects) = preSolution
		{885821AF-7896-4637-86D1-F76F5B0C12A3} = {F62AC839-37F7-489D-9F70-B95200994479}
		{5CDE2319-6B1B-4E1C-9CD1-0D7F04D3E7A9} = {F62AC839-37F7-489D-9F70-B95200994479}
		{A2AABD74-8007-4D10-909E-1539AC2BE7FC} = {F62AC839-37F7-489D-9F70-B95200994479}
		{B77DB654-8D96-47CD-829D-9902FB844A57} = {F62AC839-37F7-489D-9F70-B95200994479}
		{983919B1-6BAD-4199-8E84-89B3373995DF} = {F62AC839-37F7-489D-9F70-B95200994479}
		{84EF21B9-14C4-4FCD-8EAC-96A9EFBB166C} = {F62AC839-37F7-489D-9F70-B95200994479}
		{7433656A-252C-47A0-B8CC-C93B7915E17B} = {F62AC839-37F7-489D-9F70-B95200994479}
		{D57F3ACB-8FC7-401F-9B60-AA68526CEA2A} = {F62AC839-37F7-489D-9F70-B95200994479}
		{AFA24804-A3B7-4E43-8490-8626592BF5B3} = {F62AC839-37F7-489D-9F70-B95200994479}
		{565A05FC-BBB5-4CB5-941A-93BF515AFEFC} = {F62AC839-37F7-489D-9F70-B95200994479}
		{F76F6B4F-8F2B-448B-86E1-6C106E609258} = {F62AC839-37F7-489D-9F70-B95200994479}
		{9C0BEBC8-980D-4401-B2CC-5CE182D7842E} = {F62AC839-37F7-489D-9F70-B95200994479}
		{FF96B252-2B24-44A1-A09C-6401B5D7ED23} = {F62AC839-37F7-489D-9F70-B95200994479}
		{13F0E256-4877-4B5B-B027-DBE9632E01C4} = {BABB7472-0A6D-4898-9489-6A6394B3950F}
		{26484A67-B41F-4931-BF50-EDAD1288BEB1} = {BABB7472-0A6D-4898-9489-6A6394B3950F}
		{5C294045-BACA-4A40-ACBD-3E74727AAAB8} = {BABB7472-0A6D-4898-9489-6A6394B3950F}
		{28EC3DBE-EAD9-4A27-9887-26DCF467AB80} = {BABB7472-0A6D-4898-9489-6A6394B3950F}
		{ABA59002-6220-46A3-AF67-21C9F4E1C1E5} = {BABB7472-0A6D-4898-9489-6A6394B3950F}
		{C2A320D2-2FEC-4A61-BE1B-822D3F72702D} = {BABB7472-0A6D-4898-9489-6A6394B3950F}
		{9A6833B3-FE3B-47A6-A594-2CE446318974} = {BABB7472-0A6D-4898-9489-6A6394B3950F}
		{92E4743F-1F43-411D-8B71-35803827872E} = {BABB7472-0A6D-4898-9489-6A6394B3950F}
		{56C65AD7-4EFE-4F18-BF61-C022B3E8C141} = {BABB7472-0A6D-4898-9489-6A6394B3950F}
		{BA60A990-D4AC-4A33-A726-B89CACF32249} = {BABB7472-0A6D-4898-9489-6A6394B3950F}
	EndGlobalSection
EndGlobal
