
Microsoft Visual Studio Solution File, Format Version 11.00
# Visual Studio 2010
Project("{FAE04EC0-301F-11D3-BF4B-00C04F79EFBC}") = "ModbusServer", "ModbusServer\ModbusServer.csproj", "{8F32D284-3BF0-4EA5-B0A3-150623003693}"
	ProjectSection(ProjectDependencies) = postProject
		{23E92029-A117-4895-9ECD-61EEFDDD4817} = {23E92029-A117-4895-9ECD-61EEFDDD4817}
		{7195052D-644C-4F81-9E94-C04F2A829946} = {7195052D-644C-4F81-9E94-C04F2A829946}
		{983919B1-6BAD-4199-8E84-89B3373995DF} = {983919B1-6BAD-4199-8E84-89B3373995DF}
	EndProjectSection
EndProject
Project("{FAE04EC0-301F-11D3-BF4B-00C04F79EFBC}") = "ModbusRTUInterface", "ModbusRTUInterface\ModbusRTUInterface.csproj", "{709D116F-FA5D-439B-BA17-CBEC7AA147C9}"
EndProject
Project("{FAE04EC0-301F-11D3-BF4B-00C04F79EFBC}") = "HelperClasses", "..\HelperClasses\HelperClasses.csproj", "{885821AF-7896-4637-86D1-F76F5B0C12A3}"
EndProject
Project("{FAE04EC0-301F-11D3-BF4B-00C04F79EFBC}") = "Modbus", "..\..\lib\NModbus\source\src\Modbus\Modbus.csproj", "{FF96B252-2B24-44A1-A09C-6401B5D7ED23}"
EndProject
Project("{2150E333-8FDC-42A3-9474-1A3956D46DE8}") = "Solution Items", "Solution Items", "{7AA4B8F9-280D-4428-905E-4D2C83806F0C}"
	ProjectSection(SolutionItems) = preProject
		Local.testsettings = Local.testsettings
		ModbusServer.vsmdi = ModbusServer.vsmdi
		TraceAndTestImpact.testsettings = TraceAndTestImpact.testsettings
	EndProjectSection
EndProject
Project("{FAE04EC0-301F-11D3-BF4B-00C04F79EFBC}") = "Storage", "..\Storage\Storage.csproj", "{4DA7A705-7637-4D3F-9AB3-C422697288A1}"
EndProject
Project("{FAE04EC0-301F-11D3-BF4B-00C04F79EFBC}") = "StorageUnitTests", "..\StorageUnitTests\StorageUnitTests.csproj", "{23E92029-A117-4895-9ECD-61EEFDDD4817}"
EndProject
Project("{FAE04EC0-301F-11D3-BF4B-00C04F79EFBC}") = "ModbusMapperUnitTests", "ModbusMapperUnitTests\ModbusMapperUnitTests.csproj", "{44576C1E-0897-4449-A93E-9134B33337B6}"
EndProject
Project("{FAE04EC0-301F-11D3-BF4B-00C04F79EFBC}") = "FaultErrorIndicators", "..\FaultErrorIndicators\FaultErrorIndicators.csproj", "{5CDE2319-6B1B-4E1C-9CD1-0D7F04D3E7A9}"
EndProject
Project("{FAE04EC0-301F-11D3-BF4B-00C04F79EFBC}") = "ModbusRegisters", "..\..\lib\ModbusRegisters\ModbusRegisters.csproj", "{31409DFF-94D2-4392-A108-048C6C445DC9}"
EndProject
Project("{FAE04EC0-301F-11D3-BF4B-00C04F79EFBC}") = "ModbusRegistersUnitTests", "ModbusRegistersUnitTests\ModbusRegistersUnitTests.csproj", "{7195052D-644C-4F81-9E94-C04F2A829946}"
EndProject
Project("{FAE04EC0-301F-11D3-BF4B-00C04F79EFBC}") = "DataCollectionSDK", "..\..\lib\DataCollectionSDK\DataCollectionSDK.csproj", "{983919B1-6BAD-4199-8E84-89B3373995DF}"
EndProject
Project("{FAE04EC0-301F-11D3-BF4B-00C04F79EFBC}") = "AMOTConstants", "..\..\lib\AMOTConstants\AMOTConstants.csproj", "{7433656A-252C-47A0-B8CC-C93B7915E17B}"
EndProject
Global
	GlobalSection(TestCaseManagementSettings) = postSolution
		CategoryFile = ModbusServer.vsmdi
	EndGlobalSection
	GlobalSection(SolutionConfigurationPlatforms) = preSolution
		Debug|Any CPU = Debug|Any CPU
		Debug|Mixed Platforms = Debug|Mixed Platforms
		Debug|x86 = Debug|x86
		Release|Any CPU = Release|Any CPU
		Release|Mixed Platforms = Release|Mixed Platforms
		Release|x86 = Release|x86
		SignedRelease|Any CPU = SignedRelease|Any CPU
		SignedRelease|Mixed Platforms = SignedRelease|Mixed Platforms
		SignedRelease|x86 = SignedRelease|x86
	EndGlobalSection
	GlobalSection(ProjectConfigurationPlatforms) = postSolution
		{8F32D284-3BF0-4EA5-B0A3-150623003693}.Debug|Any CPU.ActiveCfg = Debug|x86
		{8F32D284-3BF0-4EA5-B0A3-150623003693}.Debug|Any CPU.Build.0 = Debug|x86
		{8F32D284-3BF0-4EA5-B0A3-150623003693}.Debug|Mixed Platforms.ActiveCfg = Debug|x86
		{8F32D284-3BF0-4EA5-B0A3-150623003693}.Debug|Mixed Platforms.Build.0 = Debug|x86
		{8F32D284-3BF0-4EA5-B0A3-150623003693}.Debug|x86.ActiveCfg = Debug|x86
		{8F32D284-3BF0-4EA5-B0A3-150623003693}.Debug|x86.Build.0 = Debug|x86
		{8F32D284-3BF0-4EA5-B0A3-150623003693}.Release|Any CPU.ActiveCfg = Release|Any CPU
		{8F32D284-3BF0-4EA5-B0A3-150623003693}.Release|Any CPU.Build.0 = Release|Any CPU
		{8F32D284-3BF0-4EA5-B0A3-150623003693}.Release|Mixed Platforms.ActiveCfg = Release|x86
		{8F32D284-3BF0-4EA5-B0A3-150623003693}.Release|Mixed Platforms.Build.0 = Release|x86
		{8F32D284-3BF0-4EA5-B0A3-150623003693}.Release|x86.ActiveCfg = Release|x86
		{8F32D284-3BF0-4EA5-B0A3-150623003693}.Release|x86.Build.0 = Release|x86
		{8F32D284-3BF0-4EA5-B0A3-150623003693}.SignedRelease|Any CPU.ActiveCfg = Release|x86
		{8F32D284-3BF0-4EA5-B0A3-150623003693}.SignedRelease|Mixed Platforms.ActiveCfg = Release|x86
		{8F32D284-3BF0-4EA5-B0A3-150623003693}.SignedRelease|Mixed Platforms.Build.0 = Release|x86
		{8F32D284-3BF0-4EA5-B0A3-150623003693}.SignedRelease|x86.ActiveCfg = Release|x86
		{8F32D284-3BF0-4EA5-B0A3-150623003693}.SignedRelease|x86.Build.0 = Release|x86
		{709D116F-FA5D-439B-BA17-CBEC7AA147C9}.Debug|Any CPU.ActiveCfg = Debug|Any CPU
		{709D116F-FA5D-439B-BA17-CBEC7AA147C9}.Debug|Any CPU.Build.0 = Debug|Any CPU
		{709D116F-FA5D-439B-BA17-CBEC7AA147C9}.Debug|Mixed Platforms.ActiveCfg = Debug|Any CPU
		{709D116F-FA5D-439B-BA17-CBEC7AA147C9}.Debug|Mixed Platforms.Build.0 = Debug|Any CPU
		{709D116F-FA5D-439B-BA17-CBEC7AA147C9}.Debug|x86.ActiveCfg = Debug|x86
		{709D116F-FA5D-439B-BA17-CBEC7AA147C9}.Debug|x86.Build.0 = Debug|x86
		{709D116F-FA5D-439B-BA17-CBEC7AA147C9}.Release|Any CPU.ActiveCfg = Release|Any CPU
		{709D116F-FA5D-439B-BA17-CBEC7AA147C9}.Release|Any CPU.Build.0 = Release|Any CPU
		{709D116F-FA5D-439B-BA17-CBEC7AA147C9}.Release|Mixed Platforms.ActiveCfg = Release|Any CPU
		{709D116F-FA5D-439B-BA17-CBEC7AA147C9}.Release|Mixed Platforms.Build.0 = Release|Any CPU
		{709D116F-FA5D-439B-BA17-CBEC7AA147C9}.Release|x86.ActiveCfg = Release|x86
		{709D116F-FA5D-439B-BA17-CBEC7AA147C9}.Release|x86.Build.0 = Release|x86
		{709D116F-FA5D-439B-BA17-CBEC7AA147C9}.SignedRelease|Any CPU.ActiveCfg = Release|Any CPU
		{709D116F-FA5D-439B-BA17-CBEC7AA147C9}.SignedRelease|Any CPU.Build.0 = Release|Any CPU
		{709D116F-FA5D-439B-BA17-CBEC7AA147C9}.SignedRelease|Mixed Platforms.ActiveCfg = Release|Any CPU
		{709D116F-FA5D-439B-BA17-CBEC7AA147C9}.SignedRelease|Mixed Platforms.Build.0 = Release|Any CPU
		{709D116F-FA5D-439B-BA17-CBEC7AA147C9}.SignedRelease|x86.ActiveCfg = Release|x86
		{709D116F-FA5D-439B-BA17-CBEC7AA147C9}.SignedRelease|x86.Build.0 = Release|x86
		{885821AF-7896-4637-86D1-F76F5B0C12A3}.Debug|Any CPU.ActiveCfg = Debug|Any CPU
		{885821AF-7896-4637-86D1-F76F5B0C12A3}.Debug|Any CPU.Build.0 = Debug|Any CPU
		{885821AF-7896-4637-86D1-F76F5B0C12A3}.Debug|Mixed Platforms.ActiveCfg = Debug|Any CPU
		{885821AF-7896-4637-86D1-F76F5B0C12A3}.Debug|Mixed Platforms.Build.0 = Debug|Any CPU
		{885821AF-7896-4637-86D1-F76F5B0C12A3}.Debug|x86.ActiveCfg = Debug|x86
		{885821AF-7896-4637-86D1-F76F5B0C12A3}.Debug|x86.Build.0 = Debug|x86
		{885821AF-7896-4637-86D1-F76F5B0C12A3}.Release|Any CPU.ActiveCfg = Release|Any CPU
		{885821AF-7896-4637-86D1-F76F5B0C12A3}.Release|Any CPU.Build.0 = Release|Any CPU
		{885821AF-7896-4637-86D1-F76F5B0C12A3}.Release|Mixed Platforms.ActiveCfg = Release|Any CPU
		{885821AF-7896-4637-86D1-F76F5B0C12A3}.Release|Mixed Platforms.Build.0 = Release|Any CPU
		{885821AF-7896-4637-86D1-F76F5B0C12A3}.Release|x86.ActiveCfg = Release|x86
		{885821AF-7896-4637-86D1-F76F5B0C12A3}.Release|x86.Build.0 = Release|x86
		{885821AF-7896-4637-86D1-F76F5B0C12A3}.SignedRelease|Any CPU.ActiveCfg = Release|Any CPU
		{885821AF-7896-4637-86D1-F76F5B0C12A3}.SignedRelease|Any CPU.Build.0 = Release|Any CPU
		{885821AF-7896-4637-86D1-F76F5B0C12A3}.SignedRelease|Mixed Platforms.ActiveCfg = Release|Any CPU
		{885821AF-7896-4637-86D1-F76F5B0C12A3}.SignedRelease|Mixed Platforms.Build.0 = Release|Any CPU
		{885821AF-7896-4637-86D1-F76F5B0C12A3}.SignedRelease|x86.ActiveCfg = Release|x86
		{885821AF-7896-4637-86D1-F76F5B0C12A3}.SignedRelease|x86.Build.0 = Release|x86
		{FF96B252-2B24-44A1-A09C-6401B5D7ED23}.Debug|Any CPU.ActiveCfg = Debug|Any CPU
		{FF96B252-2B24-44A1-A09C-6401B5D7ED23}.Debug|Any CPU.Build.0 = Debug|Any CPU
		{FF96B252-2B24-44A1-A09C-6401B5D7ED23}.Debug|Mixed Platforms.ActiveCfg = Debug|Any CPU
		{FF96B252-2B24-44A1-A09C-6401B5D7ED23}.Debug|Mixed Platforms.Build.0 = Debug|Any CPU
		{FF96B252-2B24-44A1-A09C-6401B5D7ED23}.Debug|x86.ActiveCfg = Debug|x86
		{FF96B252-2B24-44A1-A09C-6401B5D7ED23}.Debug|x86.Build.0 = Debug|x86
		{FF96B252-2B24-44A1-A09C-6401B5D7ED23}.Release|Any CPU.ActiveCfg = Release|Any CPU
		{FF96B252-2B24-44A1-A09C-6401B5D7ED23}.Release|Any CPU.Build.0 = Release|Any CPU
		{FF96B252-2B24-44A1-A09C-6401B5D7ED23}.Release|Mixed Platforms.ActiveCfg = Release|Any CPU
		{FF96B252-2B24-44A1-A09C-6401B5D7ED23}.Release|Mixed Platforms.Build.0 = Release|Any CPU
		{FF96B252-2B24-44A1-A09C-6401B5D7ED23}.Release|x86.ActiveCfg = Release|x86
		{FF96B252-2B24-44A1-A09C-6401B5D7ED23}.Release|x86.Build.0 = Release|x86
		{FF96B252-2B24-44A1-A09C-6401B5D7ED23}.SignedRelease|Any CPU.ActiveCfg = SignedRelease|Any CPU
		{FF96B252-2B24-44A1-A09C-6401B5D7ED23}.SignedRelease|Any CPU.Build.0 = SignedRelease|Any CPU
		{FF96B252-2B24-44A1-A09C-6401B5D7ED23}.SignedRelease|Mixed Platforms.ActiveCfg = SignedRelease|Any CPU
		{FF96B252-2B24-44A1-A09C-6401B5D7ED23}.SignedRelease|Mixed Platforms.Build.0 = SignedRelease|Any CPU
		{FF96B252-2B24-44A1-A09C-6401B5D7ED23}.SignedRelease|x86.ActiveCfg = SignedRelease|x86
		{FF96B252-2B24-44A1-A09C-6401B5D7ED23}.SignedRelease|x86.Build.0 = SignedRelease|x86
		{4DA7A705-7637-4D3F-9AB3-C422697288A1}.Debug|Any CPU.ActiveCfg = Debug|Any CPU
		{4DA7A705-7637-4D3F-9AB3-C422697288A1}.Debug|Any CPU.Build.0 = Debug|Any CPU
		{4DA7A705-7637-4D3F-9AB3-C422697288A1}.Debug|Mixed Platforms.ActiveCfg = Debug|Any CPU
		{4DA7A705-7637-4D3F-9AB3-C422697288A1}.Debug|Mixed Platforms.Build.0 = Debug|Any CPU
		{4DA7A705-7637-4D3F-9AB3-C422697288A1}.Debug|x86.ActiveCfg = Debug|x86
		{4DA7A705-7637-4D3F-9AB3-C422697288A1}.Debug|x86.Build.0 = Debug|x86
		{4DA7A705-7637-4D3F-9AB3-C422697288A1}.Release|Any CPU.ActiveCfg = Release|Any CPU
		{4DA7A705-7637-4D3F-9AB3-C422697288A1}.Release|Any CPU.Build.0 = Release|Any CPU
		{4DA7A705-7637-4D3F-9AB3-C422697288A1}.Release|Mixed Platforms.ActiveCfg = Release|Any CPU
		{4DA7A705-7637-4D3F-9AB3-C422697288A1}.Release|Mixed Platforms.Build.0 = Release|Any CPU
		{4DA7A705-7637-4D3F-9AB3-C422697288A1}.Release|x86.ActiveCfg = Release|x86
		{4DA7A705-7637-4D3F-9AB3-C422697288A1}.Release|x86.Build.0 = Release|x86
		{4DA7A705-7637-4D3F-9AB3-C422697288A1}.SignedRelease|Any CPU.ActiveCfg = Release|Any CPU
		{4DA7A705-7637-4D3F-9AB3-C422697288A1}.SignedRelease|Any CPU.Build.0 = Release|Any CPU
		{4DA7A705-7637-4D3F-9AB3-C422697288A1}.SignedRelease|Mixed Platforms.ActiveCfg = Release|Any CPU
		{4DA7A705-7637-4D3F-9AB3-C422697288A1}.SignedRelease|Mixed Platforms.Build.0 = Release|Any CPU
		{4DA7A705-7637-4D3F-9AB3-C422697288A1}.SignedRelease|x86.ActiveCfg = Release|x86
		{4DA7A705-7637-4D3F-9AB3-C422697288A1}.SignedRelease|x86.Build.0 = Release|x86
		{23E92029-A117-4895-9ECD-61EEFDDD4817}.Debug|Any CPU.ActiveCfg = Debug|Any CPU
		{23E92029-A117-4895-9ECD-61EEFDDD4817}.Debug|Any CPU.Build.0 = Debug|Any CPU
		{23E92029-A117-4895-9ECD-61EEFDDD4817}.Debug|Mixed Platforms.ActiveCfg = Debug|Any CPU
		{23E92029-A117-4895-9ECD-61EEFDDD4817}.Debug|Mixed Platforms.Build.0 = Debug|Any CPU
		{23E92029-A117-4895-9ECD-61EEFDDD4817}.Debug|x86.ActiveCfg = Debug|x86
		{23E92029-A117-4895-9ECD-61EEFDDD4817}.Debug|x86.Build.0 = Debug|x86
		{23E92029-A117-4895-9ECD-61EEFDDD4817}.Release|Any CPU.ActiveCfg = Release|Any CPU
		{23E92029-A117-4895-9ECD-61EEFDDD4817}.Release|Any CPU.Build.0 = Release|Any CPU
		{23E92029-A117-4895-9ECD-61EEFDDD4817}.Release|Mixed Platforms.ActiveCfg = Release|Any CPU
		{23E92029-A117-4895-9ECD-61EEFDDD4817}.Release|Mixed Platforms.Build.0 = Release|Any CPU
		{23E92029-A117-4895-9ECD-61EEFDDD4817}.Release|x86.ActiveCfg = Release|x86
		{23E92029-A117-4895-9ECD-61EEFDDD4817}.Release|x86.Build.0 = Release|x86
		{23E92029-A117-4895-9ECD-61EEFDDD4817}.SignedRelease|Any CPU.ActiveCfg = Release|Any CPU
		{23E92029-A117-4895-9ECD-61EEFDDD4817}.SignedRelease|Any CPU.Build.0 = Release|Any CPU
		{23E92029-A117-4895-9ECD-61EEFDDD4817}.SignedRelease|Mixed Platforms.ActiveCfg = Release|Any CPU
		{23E92029-A117-4895-9ECD-61EEFDDD4817}.SignedRelease|Mixed Platforms.Build.0 = Release|Any CPU
		{23E92029-A117-4895-9ECD-61EEFDDD4817}.SignedRelease|x86.ActiveCfg = Release|x86
		{23E92029-A117-4895-9ECD-61EEFDDD4817}.SignedRelease|x86.Build.0 = Release|x86
		{44576C1E-0897-4449-A93E-9134B33337B6}.Debug|Any CPU.ActiveCfg = Debug|Any CPU
		{44576C1E-0897-4449-A93E-9134B33337B6}.Debug|Any CPU.Build.0 = Debug|Any CPU
		{44576C1E-0897-4449-A93E-9134B33337B6}.Debug|Mixed Platforms.ActiveCfg = Debug|Any CPU
		{44576C1E-0897-4449-A93E-9134B33337B6}.Debug|Mixed Platforms.Build.0 = Debug|Any CPU
		{44576C1E-0897-4449-A93E-9134B33337B6}.Debug|x86.ActiveCfg = Debug|x86
		{44576C1E-0897-4449-A93E-9134B33337B6}.Debug|x86.Build.0 = Debug|x86
		{44576C1E-0897-4449-A93E-9134B33337B6}.Release|Any CPU.ActiveCfg = Release|Any CPU
		{44576C1E-0897-4449-A93E-9134B33337B6}.Release|Any CPU.Build.0 = Release|Any CPU
		{44576C1E-0897-4449-A93E-9134B33337B6}.Release|Mixed Platforms.ActiveCfg = Release|Any CPU
		{44576C1E-0897-4449-A93E-9134B33337B6}.Release|Mixed Platforms.Build.0 = Release|Any CPU
		{44576C1E-0897-4449-A93E-9134B33337B6}.Release|x86.ActiveCfg = Release|x86
		{44576C1E-0897-4449-A93E-9134B33337B6}.Release|x86.Build.0 = Release|x86
		{44576C1E-0897-4449-A93E-9134B33337B6}.SignedRelease|Any CPU.ActiveCfg = Release|Any CPU
		{44576C1E-0897-4449-A93E-9134B33337B6}.SignedRelease|Any CPU.Build.0 = Release|Any CPU
		{44576C1E-0897-4449-A93E-9134B33337B6}.SignedRelease|Mixed Platforms.ActiveCfg = Release|Any CPU
		{44576C1E-0897-4449-A93E-9134B33337B6}.SignedRelease|Mixed Platforms.Build.0 = Release|Any CPU
		{44576C1E-0897-4449-A93E-9134B33337B6}.SignedRelease|x86.ActiveCfg = Release|Any CPU
		{5CDE2319-6B1B-4E1C-9CD1-0D7F04D3E7A9}.Debug|Any CPU.ActiveCfg = Debug|Any CPU
		{5CDE2319-6B1B-4E1C-9CD1-0D7F04D3E7A9}.Debug|Any CPU.Build.0 = Debug|Any CPU
		{5CDE2319-6B1B-4E1C-9CD1-0D7F04D3E7A9}.Debug|Mixed Platforms.ActiveCfg = Debug|Any CPU
		{5CDE2319-6B1B-4E1C-9CD1-0D7F04D3E7A9}.Debug|Mixed Platforms.Build.0 = Debug|Any CPU
		{5CDE2319-6B1B-4E1C-9CD1-0D7F04D3E7A9}.Debug|x86.ActiveCfg = Debug|Any CPU
		{5CDE2319-6B1B-4E1C-9CD1-0D7F04D3E7A9}.Debug|x86.Build.0 = Debug|Any CPU
		{5CDE2319-6B1B-4E1C-9CD1-0D7F04D3E7A9}.Release|Any CPU.ActiveCfg = Release|Any CPU
		{5CDE2319-6B1B-4E1C-9CD1-0D7F04D3E7A9}.Release|Any CPU.Build.0 = Release|Any CPU
		{5CDE2319-6B1B-4E1C-9CD1-0D7F04D3E7A9}.Release|Mixed Platforms.ActiveCfg = Release|Any CPU
		{5CDE2319-6B1B-4E1C-9CD1-0D7F04D3E7A9}.Release|Mixed Platforms.Build.0 = Release|Any CPU
		{5CDE2319-6B1B-4E1C-9CD1-0D7F04D3E7A9}.Release|x86.ActiveCfg = Release|x86
		{5CDE2319-6B1B-4E1C-9CD1-0D7F04D3E7A9}.Release|x86.Build.0 = Release|x86
		{5CDE2319-6B1B-4E1C-9CD1-0D7F04D3E7A9}.SignedRelease|Any CPU.ActiveCfg = Release|Any CPU
		{5CDE2319-6B1B-4E1C-9CD1-0D7F04D3E7A9}.SignedRelease|Any CPU.Build.0 = Release|Any CPU
		{5CDE2319-6B1B-4E1C-9CD1-0D7F04D3E7A9}.SignedRelease|Mixed Platforms.ActiveCfg = Release|Any CPU
		{5CDE2319-6B1B-4E1C-9CD1-0D7F04D3E7A9}.SignedRelease|Mixed Platforms.Build.0 = Release|Any CPU
		{5CDE2319-6B1B-4E1C-9CD1-0D7F04D3E7A9}.SignedRelease|x86.ActiveCfg = Release|Any CPU
		{31409DFF-94D2-4392-A108-048C6C445DC9}.Debug|Any CPU.ActiveCfg = Debug|Any CPU
		{31409DFF-94D2-4392-A108-048C6C445DC9}.Debug|Any CPU.Build.0 = Debug|Any CPU
		{31409DFF-94D2-4392-A108-048C6C445DC9}.Debug|Mixed Platforms.ActiveCfg = Debug|Any CPU
		{31409DFF-94D2-4392-A108-048C6C445DC9}.Debug|Mixed Platforms.Build.0 = Debug|Any CPU
		{31409DFF-94D2-4392-A108-048C6C445DC9}.Debug|x86.ActiveCfg = Debug|x86
		{31409DFF-94D2-4392-A108-048C6C445DC9}.Debug|x86.Build.0 = Debug|x86
		{31409DFF-94D2-4392-A108-048C6C445DC9}.Release|Any CPU.ActiveCfg = Release|Any CPU
		{31409DFF-94D2-4392-A108-048C6C445DC9}.Release|Any CPU.Build.0 = Release|Any CPU
		{31409DFF-94D2-4392-A108-048C6C445DC9}.Release|Mixed Platforms.ActiveCfg = Release|Any CPU
		{31409DFF-94D2-4392-A108-048C6C445DC9}.Release|Mixed Platforms.Build.0 = Release|Any CPU
		{31409DFF-94D2-4392-A108-048C6C445DC9}.Release|x86.ActiveCfg = Release|x86
		{31409DFF-94D2-4392-A108-048C6C445DC9}.Release|x86.Build.0 = Release|x86
		{31409DFF-94D2-4392-A108-048C6C445DC9}.SignedRelease|Any CPU.ActiveCfg = Release|Any CPU
		{31409DFF-94D2-4392-A108-048C6C445DC9}.SignedRelease|Any CPU.Build.0 = Release|Any CPU
		{31409DFF-94D2-4392-A108-048C6C445DC9}.SignedRelease|Mixed Platforms.ActiveCfg = Release|Any CPU
		{31409DFF-94D2-4392-A108-048C6C445DC9}.SignedRelease|Mixed Platforms.Build.0 = Release|Any CPU
		{31409DFF-94D2-4392-A108-048C6C445DC9}.SignedRelease|x86.ActiveCfg = Release|Any CPU
		{7195052D-644C-4F81-9E94-C04F2A829946}.Debug|Any CPU.ActiveCfg = Debug|Any CPU
		{7195052D-644C-4F81-9E94-C04F2A829946}.Debug|Any CPU.Build.0 = Debug|Any CPU
		{7195052D-644C-4F81-9E94-C04F2A829946}.Debug|Mixed Platforms.ActiveCfg = Debug|Any CPU
		{7195052D-644C-4F81-9E94-C04F2A829946}.Debug|Mixed Platforms.Build.0 = Debug|Any CPU
		{7195052D-644C-4F81-9E94-C04F2A829946}.Debug|x86.ActiveCfg = Debug|x86
		{7195052D-644C-4F81-9E94-C04F2A829946}.Debug|x86.Build.0 = Debug|x86
		{7195052D-644C-4F81-9E94-C04F2A829946}.Release|Any CPU.ActiveCfg = Release|Any CPU
		{7195052D-644C-4F81-9E94-C04F2A829946}.Release|Any CPU.Build.0 = Release|Any CPU
		{7195052D-644C-4F81-9E94-C04F2A829946}.Release|Mixed Platforms.ActiveCfg = Release|Any CPU
		{7195052D-644C-4F81-9E94-C04F2A829946}.Release|Mixed Platforms.Build.0 = Release|Any CPU
		{7195052D-644C-4F81-9E94-C04F2A829946}.Release|x86.ActiveCfg = Release|x86
		{7195052D-644C-4F81-9E94-C04F2A829946}.Release|x86.Build.0 = Release|x86
		{7195052D-644C-4F81-9E94-C04F2A829946}.SignedRelease|Any CPU.ActiveCfg = Release|Any CPU
		{7195052D-644C-4F81-9E94-C04F2A829946}.SignedRelease|Any CPU.Build.0 = Release|Any CPU
		{7195052D-644C-4F81-9E94-C04F2A829946}.SignedRelease|Mixed Platforms.ActiveCfg = Release|Any CPU
		{7195052D-644C-4F81-9E94-C04F2A829946}.SignedRelease|Mixed Platforms.Build.0 = Release|Any CPU
		{7195052D-644C-4F81-9E94-C04F2A829946}.SignedRelease|x86.ActiveCfg = Release|Any CPU
		{983919B1-6BAD-4199-8E84-89B3373995DF}.Debug|Any CPU.ActiveCfg = Debug|Any CPU
		{983919B1-6BAD-4199-8E84-89B3373995DF}.Debug|Any CPU.Build.0 = Debug|Any CPU
		{983919B1-6BAD-4199-8E84-89B3373995DF}.Debug|Mixed Platforms.ActiveCfg = Debug|x86
		{983919B1-6BAD-4199-8E84-89B3373995DF}.Debug|Mixed Platforms.Build.0 = Debug|x86
		{983919B1-6BAD-4199-8E84-89B3373995DF}.Debug|x86.ActiveCfg = Debug|x86
		{983919B1-6BAD-4199-8E84-89B3373995DF}.Debug|x86.Build.0 = Debug|x86
		{983919B1-6BAD-4199-8E84-89B3373995DF}.Release|Any CPU.ActiveCfg = Release|Any CPU
		{983919B1-6BAD-4199-8E84-89B3373995DF}.Release|Any CPU.Build.0 = Release|Any CPU
		{983919B1-6BAD-4199-8E84-89B3373995DF}.Release|Mixed Platforms.ActiveCfg = Release|x86
		{983919B1-6BAD-4199-8E84-89B3373995DF}.Release|Mixed Platforms.Build.0 = Release|x86
		{983919B1-6BAD-4199-8E84-89B3373995DF}.Release|x86.ActiveCfg = Release|x86
		{983919B1-6BAD-4199-8E84-89B3373995DF}.Release|x86.Build.0 = Release|x86
		{983919B1-6BAD-4199-8E84-89B3373995DF}.SignedRelease|Any CPU.ActiveCfg = Release|Any CPU
		{983919B1-6BAD-4199-8E84-89B3373995DF}.SignedRelease|Any CPU.Build.0 = Release|Any CPU
		{983919B1-6BAD-4199-8E84-89B3373995DF}.SignedRelease|Mixed Platforms.ActiveCfg = Release|x86
		{983919B1-6BAD-4199-8E84-89B3373995DF}.SignedRelease|Mixed Platforms.Build.0 = Release|x86
		{983919B1-6BAD-4199-8E84-89B3373995DF}.SignedRelease|x86.ActiveCfg = Release|x86
		{983919B1-6BAD-4199-8E84-89B3373995DF}.SignedRelease|x86.Build.0 = Release|x86
		{7433656A-252C-47A0-B8CC-C93B7915E17B}.Debug|Any CPU.ActiveCfg = Debug|Any CPU
		{7433656A-252C-47A0-B8CC-C93B7915E17B}.Debug|Any CPU.Build.0 = Debug|Any CPU
		{7433656A-252C-47A0-B8CC-C93B7915E17B}.Debug|Mixed Platforms.ActiveCfg = Debug|Any CPU
		{7433656A-252C-47A0-B8CC-C93B7915E17B}.Debug|Mixed Platforms.Build.0 = Debug|Any CPU
		{7433656A-252C-47A0-B8CC-C93B7915E17B}.Debug|x86.ActiveCfg = Debug|Any CPU
		{7433656A-252C-47A0-B8CC-C93B7915E17B}.Release|Any CPU.ActiveCfg = Release|Any CPU
		{7433656A-252C-47A0-B8CC-C93B7915E17B}.Release|Any CPU.Build.0 = Release|Any CPU
		{7433656A-252C-47A0-B8CC-C93B7915E17B}.Release|Mixed Platforms.ActiveCfg = Release|Any CPU
		{7433656A-252C-47A0-B8CC-C93B7915E17B}.Release|Mixed Platforms.Build.0 = Release|Any CPU
		{7433656A-252C-47A0-B8CC-C93B7915E17B}.Release|x86.ActiveCfg = Release|Any CPU
		{7433656A-252C-47A0-B8CC-C93B7915E17B}.SignedRelease|Any CPU.ActiveCfg = Release|Any CPU
		{7433656A-252C-47A0-B8CC-C93B7915E17B}.SignedRelease|Any CPU.Build.0 = Release|Any CPU
		{7433656A-252C-47A0-B8CC-C93B7915E17B}.SignedRelease|Mixed Platforms.ActiveCfg = Release|Any CPU
		{7433656A-252C-47A0-B8CC-C93B7915E17B}.SignedRelease|Mixed Platforms.Build.0 = Release|Any CPU
		{7433656A-252C-47A0-B8CC-C93B7915E17B}.SignedRelease|x86.ActiveCfg = Release|Any CPU
	EndGlobalSection
	GlobalSection(SolutionProperties) = preSolution
		HideSolutionNode = FALSE
	EndGlobalSection
EndGlobal
